{
  "version": 4,
  "terraform_version": "1.13.3",
  "serial": 7523,
  "lineage": "ce84194c-6401-221a-c7f7-715454bad9c6",
  "outputs": {
    "alb_dns_name": {
      "value": "anbapp-alb-536689945.us-east-1.elb.amazonaws.com",
      "type": "string"
    },
    "alb_sg_id": {
      "value": "sg-0604206bcb11d0045",
      "type": "string"
    },
    "application_url": {
      "value": "http://anbapp-alb-536689945.us-east-1.elb.amazonaws.com",
      "type": "string"
    },
    "asg_name": {
      "value": "anbapp-web-asg",
      "type": "string"
    },
    "lab_instance_profile_name": {
      "value": "LabInstanceProfile",
      "type": "string"
    },
    "private_route_table_id": {
      "value": "rtb-0ef9bf90eeafdbf3e",
      "type": "string"
    },
    "private_subnet_a": {
      "value": "subnet-0dea0c7949de52903",
      "type": "string"
    },
    "private_subnet_b": {
      "value": "subnet-0d377534ff00d4f23",
      "type": "string"
    },
    "public_route_table_id": {
      "value": "rtb-0a3daf5138d2dad52",
      "type": "string"
    },
    "public_subnet_b_id": {
      "value": "subnet-07dd9fb451c18b2b7",
      "type": "string"
    },
    "public_subnet_id": {
      "value": "subnet-046dce458cd627fe4",
      "type": "string"
    },
    "rds_db_name": {
      "value": "anbapp",
      "type": "string"
    },
    "rds_endpoint": {
      "value": "anbapp-db.cgcdoddvfv4j.us-east-1.rds.amazonaws.com",
      "type": "string"
    },
    "rds_port": {
      "value": 5432,
      "type": "number"
    },
    "rds_sg_id": {
      "value": "sg-0e6d54d9e702c3c8d",
      "type": "string"
    },
    "s3_bucket_arn": {
      "value": "arn:aws:s3:::anbapp-video-storage431998380302",
      "type": "string"
    },
    "s3_bucket_name": {
      "value": "anbapp-video-storage431998380302",
      "type": "string"
    },
    "sqs_dlq_url": {
      "value": "https://sqs.us-east-1.amazonaws.com/431998380302/anbapp-video-processing-dlq",
      "type": "string"
    },
    "sqs_queue_arn": {
      "value": "arn:aws:sqs:us-east-1:431998380302:anbapp-video-processing",
      "type": "string"
    },
    "sqs_queue_url": {
      "value": "https://sqs.us-east-1.amazonaws.com/431998380302/anbapp-video-processing",
      "type": "string"
    },
    "vpc_id": {
      "value": "vpc-03bf52e26cf7da085",
      "type": "string"
    },
    "web_instance_profile": {
      "value": "LabInstanceProfile",
      "type": "string"
    },
    "web_sg_id": {
      "value": "sg-0b0df10bd572d3df8",
      "type": "string"
    },
    "worker_instance_id": {
      "value": "i-0a84ea151f2a6156c",
      "type": "string"
    },
    "worker_private_ip": {
      "value": "10.0.2.126",
      "type": "string"
    },
    "worker_sg_id": {
      "value": "sg-052c59bfeedc257ba",
      "type": "string"
    }
  },
  "resources": [
    {
      "mode": "data",
      "type": "aws_ami",
      "name": "amazon_linux",
      "provider": "provider[\"registry.terraform.io/hashicorp/aws\"]",
      "instances": [
        {
          "schema_version": 0,
          "attributes": {
            "architecture": "x86_64",
            "arn": "arn:aws:ec2:us-east-1::image/ami-0c3e8df62015275ea",
            "block_device_mappings": [
              {
                "device_name": "/dev/xvda",
                "ebs": {
                  "delete_on_termination": "true",
                  "encrypted": "false",
                  "iops": "3000",
                  "snapshot_id": "snap-05cd84def6227f6dc",
                  "throughput": "125",
                  "volume_initialization_rate": "0",
                  "volume_size": "30",
                  "volume_type": "gp3"
                },
                "no_device": "",
                "virtual_name": ""
              }
            ],
            "boot_mode": "uefi-preferred",
            "creation_date": "2025-11-08T19:33:05.000Z",
            "deprecation_time": "2027-11-08T19:33:05.000Z",
            "description": "Amazon Linux AMI 2023.0.20251108 x86_64 ECS HVM EBS",
            "ena_support": true,
            "executable_users": null,
            "filter": [
              {
                "name": "name",
                "values": [
                  "al2023-ami-*-x86_64"
                ]
              }
            ],
            "hypervisor": "xen",
            "id": "ami-0c3e8df62015275ea",
            "image_id": "ami-0c3e8df62015275ea",
            "image_location": "amazon/al2023-ami-ecs-hvm-2023.0.20251108-kernel-6.1-x86_64",
            "image_owner_alias": "amazon",
            "image_type": "machine",
            "imds_support": "v2.0",
            "include_deprecated": false,
            "kernel_id": "",
            "last_launched_time": "",
            "most_recent": true,
            "name": "al2023-ami-ecs-hvm-2023.0.20251108-kernel-6.1-x86_64",
            "name_regex": null,
            "owner_id": "591542846629",
            "owners": [
              "amazon"
            ],
            "platform": "",
            "platform_details": "Linux/UNIX",
            "product_codes": [],
            "public": true,
            "ramdisk_id": "",
            "root_device_name": "/dev/xvda",
            "root_device_type": "ebs",
            "root_snapshot_id": "snap-05cd84def6227f6dc",
            "sriov_net_support": "simple",
            "state": "available",
            "state_reason": {
              "code": "UNSET",
              "message": "UNSET"
            },
            "tags": {},
            "timeouts": null,
            "tpm_support": "",
            "uefi_data": null,
            "usage_operation": "RunInstances",
            "virtualization_type": "hvm"
          },
          "sensitive_attributes": [],
          "identity_schema_version": 0
        }
      ]
    },
    {
      "mode": "data",
      "type": "aws_availability_zones",
      "name": "available",
      "provider": "provider[\"registry.terraform.io/hashicorp/aws\"]",
      "instances": [
        {
          "schema_version": 0,
          "attributes": {
            "all_availability_zones": null,
            "exclude_names": null,
            "exclude_zone_ids": null,
            "filter": null,
            "group_names": [
              "us-east-1-zg-1"
            ],
            "id": "us-east-1",
            "names": [
              "us-east-1a",
              "us-east-1b",
              "us-east-1c",
              "us-east-1d",
              "us-east-1e",
              "us-east-1f"
            ],
            "state": "available",
            "timeouts": null,
            "zone_ids": [
              "use1-az4",
              "use1-az6",
              "use1-az1",
              "use1-az2",
              "use1-az3",
              "use1-az5"
            ]
          },
          "sensitive_attributes": [],
          "identity_schema_version": 0
        }
      ]
    },
    {
      "mode": "data",
      "type": "aws_caller_identity",
      "name": "current",
      "provider": "provider[\"registry.terraform.io/hashicorp/aws\"]",
      "instances": [
        {
          "schema_version": 0,
          "attributes": {
            "account_id": "431998380302",
            "arn": "arn:aws:sts::431998380302:assumed-role/voclabs/user4407288=cs.rodrigueza1@uniandes.edu.co",
            "id": "431998380302",
            "user_id": "AROAWJFI4FEHOR5XSRB4G:user4407288=cs.rodrigueza1@uniandes.edu.co"
          },
          "sensitive_attributes": [],
          "identity_schema_version": 0
        }
      ]
    },
    {
      "mode": "data",
      "type": "aws_iam_instance_profile",
      "name": "lab_instance_profile",
      "provider": "provider[\"registry.terraform.io/hashicorp/aws\"]",
      "instances": [
        {
          "schema_version": 0,
          "attributes": {
            "arn": "arn:aws:iam::431998380302:instance-profile/LabInstanceProfile",
            "create_date": "2025-10-12 17:46:20 +0000 UTC",
            "id": "AIPAWJFI4FEHFZFDUVOSB",
            "name": "LabInstanceProfile",
            "path": "/",
            "role_arn": "arn:aws:iam::431998380302:role/LabRole",
            "role_id": "AROAWJFI4FEHMBFFVWT2W",
            "role_name": "LabRole"
          },
          "sensitive_attributes": [],
          "identity_schema_version": 0
        }
      ]
    },
    {
      "mode": "data",
      "type": "aws_iam_role",
      "name": "lab_role",
      "provider": "provider[\"registry.terraform.io/hashicorp/aws\"]",
      "instances": [
        {
          "schema_version": 0,
          "attributes": {
            "arn": "arn:aws:iam::431998380302:role/LabRole",
            "assume_role_policy": "{\"Version\":\"2012-10-17\",\"Statement\":[{\"Effect\":\"Allow\",\"Principal\":{\"Service\":[\"dynamodb.amazonaws.com\",\"application-autoscaling.amazonaws.com\",\"lambda.amazonaws.com\",\"iot.amazonaws.com\",\"elasticloadbalancing.amazonaws.com\",\"iotevents.amazonaws.com\",\"elasticfilesystem.amazonaws.com\",\"rekognition.amazonaws.com\",\"events.amazonaws.com\",\"codecommit.amazonaws.com\",\"firehose.amazonaws.com\",\"credentials.iot.amazonaws.com\",\"ec2.amazonaws.com\",\"forecast.amazonaws.com\",\"states.amazonaws.com\",\"servicecatalog.amazonaws.com\",\"rds.amazonaws.com\",\"backup.amazonaws.com\",\"resource-groups.amazonaws.com\",\"cloud9.amazonaws.com\",\"scheduler.amazonaws.com\",\"ecs-tasks.amazonaws.com\",\"batch.amazonaws.com\",\"pipes.amazonaws.com\",\"autoscaling.amazonaws.com\",\"athena.amazonaws.com\",\"ssm.amazonaws.com\",\"elasticbeanstalk.amazonaws.com\",\"redshift.amazonaws.com\",\"cloudformation.amazonaws.com\",\"codewhisperer.amazonaws.com\",\"ecs.amazonaws.com\",\"ec2.application-autoscaling.amazonaws.com\",\"elasticmapreduce.amazonaws.com\",\"sqs.amazonaws.com\",\"codedeploy.amazonaws.com\",\"apigateway.amazonaws.com\",\"logs.amazonaws.com\",\"cognito-idp.amazonaws.com\",\"glue.amazonaws.com\",\"cloudtrail.amazonaws.com\",\"eks-fargate-pods.amazonaws.com\",\"s3.amazonaws.com\",\"eks.amazonaws.com\",\"kinesisanalytics.amazonaws.com\",\"deepracer.amazonaws.com\",\"iotanalytics.amazonaws.com\",\"kinesis.amazonaws.com\",\"sns.amazonaws.com\",\"kms.amazonaws.com\",\"sagemaker.amazonaws.com\",\"secretsmanager.amazonaws.com\",\"databrew.amazonaws.com\"],\"AWS\":\"arn:aws:iam::431998380302:role/LabRole\"},\"Action\":\"sts:AssumeRole\"}]}",
            "create_date": "2025-10-12T17:46:00Z",
            "description": "",
            "id": "LabRole",
            "max_session_duration": 3600,
            "name": "LabRole",
            "path": "/",
            "permissions_boundary": "",
            "role_last_used": [
              {
                "last_used_date": "2025-11-08T22:34:44Z",
                "region": "us-east-1"
              }
            ],
            "tags": {
              "cloudlab": "c184355a4778463l12090390t1w431998380302"
            },
            "unique_id": "AROAWJFI4FEHMBFFVWT2W"
          },
          "sensitive_attributes": [],
          "identity_schema_version": 0
        }
      ]
    },
    {
      "mode": "data",
      "type": "aws_key_pair",
      "name": "main",
      "provider": "provider[\"registry.terraform.io/hashicorp/aws\"]",
      "instances": [
        {
          "schema_version": 0,
          "attributes": {
            "arn": "arn:aws:ec2:us-east-1:431998380302:key-pair/vockey",
            "create_time": "2025-10-12T17:45:54Z",
            "filter": null,
            "fingerprint": "69:a7:67:61:ae:f2:07:29:15:a0:74:c5:e7:59:87:be:4b:5b:4b:92",
            "id": "key-029563a3e9501335e",
            "include_public_key": false,
            "key_name": "vockey",
            "key_pair_id": "key-029563a3e9501335e",
            "key_type": "rsa",
            "public_key": "",
            "tags": {},
            "timeouts": null
          },
          "sensitive_attributes": [],
          "identity_schema_version": 0
        }
      ]
    },
    {
      "mode": "managed",
      "type": "aws_autoscaling_group",
      "name": "web",
      "provider": "provider[\"registry.terraform.io/hashicorp/aws\"]",
      "instances": [
        {
          "schema_version": 1,
          "attributes": {
            "arn": "arn:aws:autoscaling:us-east-1:431998380302:autoScalingGroup:c89b15c4-48bd-4cfa-9e5d-57d25d963c2e:autoScalingGroupName/anbapp-web-asg",
            "availability_zone_distribution": [
              {
                "capacity_distribution_strategy": "balanced-best-effort"
              }
            ],
            "availability_zones": [
              "us-east-1a",
              "us-east-1b"
            ],
            "capacity_rebalance": false,
            "capacity_reservation_specification": [
              {
                "capacity_reservation_preference": "default",
                "capacity_reservation_target": []
              }
            ],
            "context": "",
            "default_cooldown": 300,
            "default_instance_warmup": 0,
            "desired_capacity": 1,
            "desired_capacity_type": "",
            "enabled_metrics": [
              "GroupDesiredCapacity",
              "GroupInServiceInstances",
              "GroupMaxSize",
              "GroupMinSize",
              "GroupTotalInstances"
            ],
            "force_delete": false,
            "force_delete_warm_pool": false,
            "health_check_grace_period": 900,
            "health_check_type": "ELB",
            "id": "anbapp-web-asg",
            "ignore_failed_scaling_activities": false,
            "initial_lifecycle_hook": [],
            "instance_maintenance_policy": [],
            "instance_refresh": [],
            "launch_configuration": "",
            "launch_template": [
              {
                "id": "lt-03e80b8fca9ae6924",
                "name": "anbapp-web-lt-20251108231050291200000008",
                "version": "$Latest"
              }
            ],
            "load_balancers": [],
            "max_instance_lifetime": 0,
            "max_size": 3,
            "metrics_granularity": "1Minute",
            "min_elb_capacity": null,
            "min_size": 1,
            "mixed_instances_policy": [],
            "name": "anbapp-web-asg",
            "name_prefix": "",
            "placement_group": "",
            "predicted_capacity": 0,
            "protect_from_scale_in": false,
            "service_linked_role_arn": "arn:aws:iam::431998380302:role/aws-service-role/autoscaling.amazonaws.com/AWSServiceRoleForAutoScaling",
            "suspended_processes": null,
            "tag": [
              {
                "key": "Name",
                "propagate_at_launch": true,
                "value": "anbapp-web-asg"
              },
              {
                "key": "Project",
                "propagate_at_launch": true,
                "value": "anbapp"
              }
            ],
            "target_group_arns": [
              "arn:aws:elasticloadbalancing:us-east-1:431998380302:targetgroup/anbapp-auth-tg/5ee9bddef5862447",
              "arn:aws:elasticloadbalancing:us-east-1:431998380302:targetgroup/anbapp-front-tg/429bf50e3d755b0a",
              "arn:aws:elasticloadbalancing:us-east-1:431998380302:targetgroup/anbapp-ranking-tg/c1c98a4473c8df17",
              "arn:aws:elasticloadbalancing:us-east-1:431998380302:targetgroup/anbapp-video-tg/26269728f03bbce6",
              "arn:aws:elasticloadbalancing:us-east-1:431998380302:targetgroup/anbapp-voting-tg/8cbbb6dab55ee72b"
            ],
            "termination_policies": null,
            "timeouts": null,
            "traffic_source": [
              {
                "identifier": "arn:aws:elasticloadbalancing:us-east-1:431998380302:targetgroup/anbapp-auth-tg/5ee9bddef5862447",
                "type": "elbv2"
              },
              {
                "identifier": "arn:aws:elasticloadbalancing:us-east-1:431998380302:targetgroup/anbapp-front-tg/429bf50e3d755b0a",
                "type": "elbv2"
              },
              {
                "identifier": "arn:aws:elasticloadbalancing:us-east-1:431998380302:targetgroup/anbapp-ranking-tg/c1c98a4473c8df17",
                "type": "elbv2"
              },
              {
                "identifier": "arn:aws:elasticloadbalancing:us-east-1:431998380302:targetgroup/anbapp-video-tg/26269728f03bbce6",
                "type": "elbv2"
              },
              {
                "identifier": "arn:aws:elasticloadbalancing:us-east-1:431998380302:targetgroup/anbapp-voting-tg/8cbbb6dab55ee72b",
                "type": "elbv2"
              }
            ],
            "vpc_zone_identifier": [
              "subnet-046dce458cd627fe4",
              "subnet-07dd9fb451c18b2b7"
            ],
            "wait_for_capacity_timeout": "10m",
            "wait_for_elb_capacity": null,
            "warm_pool": [],
            "warm_pool_size": 0
          },
          "sensitive_attributes": [],
          "identity_schema_version": 0,
          "private": "eyJlMmJmYjczMC1lY2FhLTExZTYtOGY4OC0zNDM2M2JjN2M0YzAiOnsiZGVsZXRlIjo2MDAwMDAwMDAwMDAsInVwZGF0ZSI6NjAwMDAwMDAwMDAwfSwic2NoZW1hX3ZlcnNpb24iOiIxIn0=",
          "dependencies": [
            "aws_db_instance.main",
            "aws_db_parameter_group.pg",
            "aws_db_subnet_group.main",
            "aws_launch_template.web",
            "aws_lb_target_group.auth",
            "aws_lb_target_group.front",
            "aws_lb_target_group.ranking",
            "aws_lb_target_group.video",
            "aws_lb_target_group.voting",
            "aws_s3_bucket.storage",
            "aws_security_group.rds",
            "aws_security_group.web",
            "aws_sqs_queue.video_processing",
            "aws_subnet.private_a",
            "aws_subnet.private_b",
            "aws_subnet.public",
            "aws_subnet.public_b",
            "aws_vpc.main",
            "data.aws_ami.amazon_linux",
            "data.aws_availability_zones.available",
            "data.aws_caller_identity.current",
            "data.aws_iam_instance_profile.lab_instance_profile",
            "data.aws_key_pair.main"
          ],
          "create_before_destroy": true
        }
      ]
    },
    {
      "mode": "managed",
      "type": "aws_autoscaling_policy",
      "name": "alb_request_count",
      "provider": "provider[\"registry.terraform.io/hashicorp/aws\"]",
      "instances": [
        {
          "schema_version": 0,
          "attributes": {
            "adjustment_type": "",
            "arn": "arn:aws:autoscaling:us-east-1:431998380302:scalingPolicy:0b0106e7-6ca0-474f-b4d9-eafdb51e7036:autoScalingGroupName/anbapp-web-asg:policyName/anbapp-alb-request-count",
            "autoscaling_group_name": "anbapp-web-asg",
            "cooldown": 0,
            "enabled": true,
            "estimated_instance_warmup": 0,
            "id": "anbapp-alb-request-count",
            "metric_aggregation_type": "",
            "min_adjustment_magnitude": 0,
            "name": "anbapp-alb-request-count",
            "policy_type": "TargetTrackingScaling",
            "predictive_scaling_configuration": [],
            "scaling_adjustment": 0,
            "step_adjustment": [],
            "target_tracking_configuration": [
              {
                "customized_metric_specification": [],
                "disable_scale_in": false,
                "predefined_metric_specification": [
                  {
                    "predefined_metric_type": "ALBRequestCountPerTarget",
                    "resource_label": "app/anbapp-alb/256ef7b190d65dae/targetgroup/anbapp-video-tg/26269728f03bbce6"
                  }
                ],
                "target_value": 1000
              }
            ]
          },
          "sensitive_attributes": [],
          "identity_schema_version": 0,
          "private": "bnVsbA==",
          "dependencies": [
            "aws_autoscaling_group.web",
            "aws_db_instance.main",
            "aws_db_parameter_group.pg",
            "aws_db_subnet_group.main",
            "aws_launch_template.web",
            "aws_lb.main",
            "aws_lb_target_group.auth",
            "aws_lb_target_group.front",
            "aws_lb_target_group.ranking",
            "aws_lb_target_group.video",
            "aws_lb_target_group.voting",
            "aws_s3_bucket.storage",
            "aws_security_group.alb",
            "aws_security_group.rds",
            "aws_security_group.web",
            "aws_sqs_queue.video_processing",
            "aws_subnet.private_a",
            "aws_subnet.private_b",
            "aws_subnet.public",
            "aws_subnet.public_b",
            "aws_vpc.main",
            "data.aws_ami.amazon_linux",
            "data.aws_availability_zones.available",
            "data.aws_caller_identity.current",
            "data.aws_iam_instance_profile.lab_instance_profile",
            "data.aws_key_pair.main"
          ]
        }
      ]
    },
    {
      "mode": "managed",
      "type": "aws_autoscaling_policy",
      "name": "cpu_high",
      "provider": "provider[\"registry.terraform.io/hashicorp/aws\"]",
      "instances": [
        {
          "schema_version": 0,
          "attributes": {
            "adjustment_type": "",
            "arn": "arn:aws:autoscaling:us-east-1:431998380302:scalingPolicy:25469e3d-4643-4171-9ae4-b611bff7b337:autoScalingGroupName/anbapp-web-asg:policyName/anbapp-cpu-high",
            "autoscaling_group_name": "anbapp-web-asg",
            "cooldown": 0,
            "enabled": true,
            "estimated_instance_warmup": 0,
            "id": "anbapp-cpu-high",
            "metric_aggregation_type": "",
            "min_adjustment_magnitude": 0,
            "name": "anbapp-cpu-high",
            "policy_type": "TargetTrackingScaling",
            "predictive_scaling_configuration": [],
            "scaling_adjustment": 0,
            "step_adjustment": [],
            "target_tracking_configuration": [
              {
                "customized_metric_specification": [],
                "disable_scale_in": false,
                "predefined_metric_specification": [
                  {
                    "predefined_metric_type": "ASGAverageCPUUtilization",
                    "resource_label": ""
                  }
                ],
                "target_value": 70
              }
            ]
          },
          "sensitive_attributes": [],
          "identity_schema_version": 0,
          "private": "bnVsbA==",
          "dependencies": [
            "aws_autoscaling_group.web",
            "aws_db_instance.main",
            "aws_db_parameter_group.pg",
            "aws_db_subnet_group.main",
            "aws_launch_template.web",
            "aws_lb_target_group.auth",
            "aws_lb_target_group.front",
            "aws_lb_target_group.ranking",
            "aws_lb_target_group.video",
            "aws_lb_target_group.voting",
            "aws_s3_bucket.storage",
            "aws_security_group.rds",
            "aws_security_group.web",
            "aws_sqs_queue.video_processing",
            "aws_subnet.private_a",
            "aws_subnet.private_b",
            "aws_subnet.public",
            "aws_subnet.public_b",
            "aws_vpc.main",
            "data.aws_ami.amazon_linux",
            "data.aws_availability_zones.available",
            "data.aws_caller_identity.current",
            "data.aws_iam_instance_profile.lab_instance_profile",
            "data.aws_key_pair.main"
          ]
        }
      ]
    },
    {
      "mode": "managed",
      "type": "aws_db_instance",
      "name": "main",
      "provider": "provider[\"registry.terraform.io/hashicorp/aws\"]",
      "instances": [
        {
          "schema_version": 2,
          "attributes": {
            "address": "anbapp-db.cgcdoddvfv4j.us-east-1.rds.amazonaws.com",
            "allocated_storage": 20,
            "allow_major_version_upgrade": null,
            "apply_immediately": true,
            "arn": "arn:aws:rds:us-east-1:431998380302:db:anbapp-db",
            "auto_minor_version_upgrade": true,
            "availability_zone": "us-east-1a",
            "backup_retention_period": 0,
            "backup_target": "region",
            "backup_window": "06:52-07:22",
            "blue_green_update": [],
            "ca_cert_identifier": "rds-ca-rsa2048-g1",
            "character_set_name": "",
            "copy_tags_to_snapshot": false,
            "custom_iam_instance_profile": "",
            "customer_owned_ip_enabled": false,
            "database_insights_mode": "standard",
            "db_name": "anbapp",
            "db_subnet_group_name": "anbapp-dbsubnet",
            "dedicated_log_volume": false,
            "delete_automated_backups": true,
            "deletion_protection": false,
            "domain": "",
            "domain_auth_secret_arn": "",
            "domain_dns_ips": null,
            "domain_fqdn": "",
            "domain_iam_role_name": "",
            "domain_ou": "",
            "enabled_cloudwatch_logs_exports": null,
            "endpoint": "anbapp-db.cgcdoddvfv4j.us-east-1.rds.amazonaws.com:5432",
            "engine": "postgres",
            "engine_lifecycle_support": "open-source-rds-extended-support",
            "engine_version": "16.9",
            "engine_version_actual": "16.9",
            "final_snapshot_identifier": null,
            "hosted_zone_id": "Z2R2ITUGPM61AM",
            "iam_database_authentication_enabled": false,
            "id": "db-7RWB7SUZOZ2C7C5KB6N3V34TRM",
            "identifier": "anbapp-db",
            "identifier_prefix": "",
            "instance_class": "db.t3.micro",
            "iops": 3000,
            "kms_key_id": "",
            "latest_restorable_time": "",
            "license_model": "postgresql-license",
            "listener_endpoint": [],
            "maintenance_window": "sat:07:35-sat:08:05",
            "manage_master_user_password": null,
            "master_user_secret": [],
            "master_user_secret_kms_key_id": null,
            "max_allocated_storage": 0,
            "monitoring_interval": 0,
            "monitoring_role_arn": "",
            "multi_az": false,
            "nchar_character_set_name": "",
            "network_type": "IPV4",
            "option_group_name": "default:postgres-16",
            "parameter_group_name": "anbapp-pg",
            "password": "ANBapp2024!Secure",
            "password_wo": null,
            "password_wo_version": null,
            "performance_insights_enabled": false,
            "performance_insights_kms_key_id": "",
            "performance_insights_retention_period": 0,
            "port": 5432,
            "publicly_accessible": false,
            "replica_mode": "",
            "replicas": [],
            "replicate_source_db": "",
            "resource_id": "db-7RWB7SUZOZ2C7C5KB6N3V34TRM",
            "restore_to_point_in_time": [],
            "s3_import": [],
            "skip_final_snapshot": true,
            "snapshot_identifier": null,
            "status": "available",
            "storage_encrypted": false,
            "storage_throughput": 125,
            "storage_type": "gp3",
            "tags": {
              "Env": "dev",
              "Name": "anbapp-rds",
              "Project": "anbapp"
            },
            "tags_all": {
              "Env": "dev",
              "Name": "anbapp-rds",
              "Project": "anbapp"
            },
            "timeouts": null,
            "timezone": "",
            "upgrade_storage_config": null,
            "username": "anbuser",
            "vpc_security_group_ids": [
              "sg-0e6d54d9e702c3c8d"
            ]
          },
          "sensitive_attributes": [
            [
              {
                "type": "get_attr",
                "value": "password"
              }
            ],
            [
              {
                "type": "get_attr",
                "value": "password_wo"
              }
            ]
          ],
          "identity_schema_version": 0,
          "private": "eyJlMmJmYjczMC1lY2FhLTExZTYtOGY4OC0zNDM2M2JjN2M0YzAiOnsiY3JlYXRlIjozMDAwMDAwMDAwMDAwLCJkZWxldGUiOjM2MDAwMDAwMDAwMDAsInVwZGF0ZSI6NDgwMDAwMDAwMDAwMH0sInNjaGVtYV92ZXJzaW9uIjoiMiJ9",
          "dependencies": [
            "aws_db_parameter_group.pg",
            "aws_db_subnet_group.main",
            "aws_security_group.rds",
            "aws_subnet.private_a",
            "aws_subnet.private_b",
            "aws_vpc.main",
            "data.aws_availability_zones.available"
          ],
          "create_before_destroy": true
        }
      ]
    },
    {
      "mode": "managed",
      "type": "aws_db_parameter_group",
      "name": "pg",
      "provider": "provider[\"registry.terraform.io/hashicorp/aws\"]",
      "instances": [
        {
          "schema_version": 0,
          "attributes": {
            "arn": "arn:aws:rds:us-east-1:431998380302:pg:anbapp-pg",
            "description": "Param group dev",
            "family": "postgres16",
            "id": "anbapp-pg",
            "name": "anbapp-pg",
            "name_prefix": "",
            "parameter": [
              {
                "apply_method": "immediate",
                "name": "log_min_duration_statement",
                "value": "1000"
              }
            ],
            "skip_destroy": false,
            "tags": null,
            "tags_all": {}
          },
          "sensitive_attributes": [],
          "identity_schema_version": 0,
          "private": "bnVsbA==",
          "create_before_destroy": true
        }
      ]
    },
    {
      "mode": "managed",
      "type": "aws_db_subnet_group",
      "name": "main",
      "provider": "provider[\"registry.terraform.io/hashicorp/aws\"]",
      "instances": [
        {
          "schema_version": 0,
          "attributes": {
            "arn": "arn:aws:rds:us-east-1:431998380302:subgrp:anbapp-dbsubnet",
            "description": "Managed by Terraform",
            "id": "anbapp-dbsubnet",
            "name": "anbapp-dbsubnet",
            "name_prefix": "",
            "subnet_ids": [
              "subnet-0d377534ff00d4f23",
              "subnet-0dea0c7949de52903"
            ],
            "supported_network_types": [
              "IPV4"
            ],
            "tags": {
              "Name": "anbapp-dbsubnet",
              "Project": "anbapp"
            },
            "tags_all": {
              "Name": "anbapp-dbsubnet",
              "Project": "anbapp"
            },
            "vpc_id": "vpc-03bf52e26cf7da085"
          },
          "sensitive_attributes": [],
          "identity_schema_version": 0,
          "private": "bnVsbA==",
          "dependencies": [
            "aws_subnet.private_a",
            "aws_subnet.private_b",
            "aws_vpc.main",
            "data.aws_availability_zones.available"
          ],
          "create_before_destroy": true
        }
      ]
    },
    {
      "mode": "managed",
      "type": "aws_eip",
      "name": "nat",
      "provider": "provider[\"registry.terraform.io/hashicorp/aws\"]",
      "instances": [
        {
          "schema_version": 0,
          "attributes": {
            "address": null,
            "allocation_id": "eipalloc-0a1ea2d03ca815d77",
            "arn": "arn:aws:ec2:us-east-1:431998380302:elastic-ip/eipalloc-0a1ea2d03ca815d77",
            "associate_with_private_ip": null,
            "association_id": "",
            "carrier_ip": "",
            "customer_owned_ip": "",
            "customer_owned_ipv4_pool": "",
            "domain": "vpc",
            "id": "eipalloc-0a1ea2d03ca815d77",
            "instance": "",
            "ipam_pool_id": null,
            "network_border_group": "us-east-1",
            "network_interface": "",
            "private_dns": null,
            "private_ip": "",
            "ptr_record": "",
            "public_dns": "ec2-52-23-47-125.compute-1.amazonaws.com",
            "public_ip": "52.23.47.125",
            "public_ipv4_pool": "amazon",
            "tags": {
              "Env": "dev",
              "Name": "anbapp-nat-eip",
              "Project": "anbapp"
            },
            "tags_all": {
              "Env": "dev",
              "Name": "anbapp-nat-eip",
              "Project": "anbapp"
            },
            "timeouts": null,
            "vpc": true
          },
          "sensitive_attributes": [],
          "identity_schema_version": 0,
          "private": "eyJlMmJmYjczMC1lY2FhLTExZTYtOGY4OC0zNDM2M2JjN2M0YzAiOnsiZGVsZXRlIjoxODAwMDAwMDAwMDAsInJlYWQiOjkwMDAwMDAwMDAwMCwidXBkYXRlIjozMDAwMDAwMDAwMDB9fQ=="
        }
      ]
    },
    {
      "mode": "managed",
      "type": "aws_instance",
      "name": "worker",
      "provider": "provider[\"registry.terraform.io/hashicorp/aws\"]",
      "instances": [
        {
          "schema_version": 1,
          "attributes": {
            "ami": "ami-0c3e8df62015275ea",
            "arn": "arn:aws:ec2:us-east-1:431998380302:instance/i-0a84ea151f2a6156c",
            "associate_public_ip_address": false,
            "availability_zone": "us-east-1a",
            "capacity_reservation_specification": [
              {
                "capacity_reservation_preference": "open",
                "capacity_reservation_target": []
              }
            ],
            "cpu_core_count": 1,
            "cpu_options": [
              {
                "amd_sev_snp": "",
                "core_count": 1,
                "threads_per_core": 2
              }
            ],
            "cpu_threads_per_core": 2,
            "credit_specification": [
              {
                "cpu_credits": "unlimited"
              }
            ],
            "disable_api_stop": false,
            "disable_api_termination": false,
            "ebs_block_device": [],
            "ebs_optimized": false,
            "enable_primary_ipv6": null,
            "enclave_options": [
              {
                "enabled": false
              }
            ],
            "ephemeral_block_device": [],
            "get_password_data": false,
            "hibernation": false,
            "host_id": "",
            "host_resource_group_arn": null,
            "iam_instance_profile": "LabInstanceProfile",
            "id": "i-0a84ea151f2a6156c",
            "instance_initiated_shutdown_behavior": "stop",
            "instance_lifecycle": "",
            "instance_market_options": [],
            "instance_state": "running",
            "instance_type": "t3.small",
            "ipv6_address_count": 0,
            "ipv6_addresses": [],
            "key_name": "vockey",
            "launch_template": [],
            "maintenance_options": [
              {
                "auto_recovery": "default"
              }
            ],
            "metadata_options": [
              {
                "http_endpoint": "enabled",
                "http_protocol_ipv6": "disabled",
                "http_put_response_hop_limit": 2,
                "http_tokens": "required",
                "instance_metadata_tags": "disabled"
              }
            ],
            "monitoring": false,
            "network_interface": [],
            "outpost_arn": "",
            "password_data": "",
            "placement_group": "",
            "placement_partition_number": 0,
            "primary_network_interface_id": "eni-032002f88b71b441b",
            "private_dns": "ip-10-0-2-126.ec2.internal",
            "private_dns_name_options": [
              {
                "enable_resource_name_dns_a_record": false,
                "enable_resource_name_dns_aaaa_record": false,
                "hostname_type": "ip-name"
              }
            ],
            "private_ip": "10.0.2.126",
            "public_dns": "",
            "public_ip": "",
            "root_block_device": [
              {
                "delete_on_termination": true,
                "device_name": "/dev/xvda",
                "encrypted": false,
                "iops": 3000,
                "kms_key_id": "",
                "tags": null,
                "tags_all": {},
                "throughput": 125,
                "volume_id": "vol-09946036df06fb24d",
                "volume_size": 30,
                "volume_type": "gp3"
              }
            ],
            "secondary_private_ips": [],
            "security_groups": [],
            "source_dest_check": true,
            "spot_instance_request_id": "",
            "subnet_id": "subnet-0dea0c7949de52903",
            "tags": {
              "Name": "anbapp-worker",
              "Project": "anbapp"
            },
            "tags_all": {
              "Name": "anbapp-worker",
              "Project": "anbapp"
            },
            "tenancy": "default",
            "timeouts": null,
            "user_data": "2d3a85e852d30a8cc866bee24f070cd3b6a82d35",
            "user_data_base64": null,
            "user_data_replace_on_change": false,
            "volume_tags": null,
            "vpc_security_group_ids": [
              "sg-052c59bfeedc257ba"
            ]
          },
          "sensitive_attributes": [
            [
              {
                "type": "get_attr",
                "value": "user_data"
              }
            ]
          ],
          "identity_schema_version": 0,
          "private": "eyJlMmJmYjczMC1lY2FhLTExZTYtOGY4OC0zNDM2M2JjN2M0YzAiOnsiY3JlYXRlIjo2MDAwMDAwMDAwMDAsImRlbGV0ZSI6MTIwMDAwMDAwMDAwMCwicmVhZCI6OTAwMDAwMDAwMDAwLCJ1cGRhdGUiOjYwMDAwMDAwMDAwMH0sInNjaGVtYV92ZXJzaW9uIjoiMSJ9",
          "dependencies": [
            "aws_db_instance.main",
            "aws_db_parameter_group.pg",
            "aws_db_subnet_group.main",
            "aws_s3_bucket.storage",
            "aws_security_group.rds",
            "aws_security_group.worker",
            "aws_sqs_queue.video_processing",
            "aws_subnet.private_a",
            "aws_subnet.private_b",
            "aws_vpc.main",
            "data.aws_ami.amazon_linux",
            "data.aws_availability_zones.available",
            "data.aws_caller_identity.current",
            "data.aws_iam_instance_profile.lab_instance_profile",
            "data.aws_key_pair.main"
          ]
        }
      ]
    },
    {
      "mode": "managed",
      "type": "aws_internet_gateway",
      "name": "igw",
      "provider": "provider[\"registry.terraform.io/hashicorp/aws\"]",
      "instances": [
        {
          "schema_version": 0,
          "attributes": {
            "arn": "arn:aws:ec2:us-east-1:431998380302:internet-gateway/igw-004f042ec79fee83f",
            "id": "igw-004f042ec79fee83f",
            "owner_id": "431998380302",
            "tags": {
              "Env": "dev",
              "Name": "anbapp-igw",
              "Project": "anbapp"
            },
            "tags_all": {
              "Env": "dev",
              "Name": "anbapp-igw",
              "Project": "anbapp"
            },
            "timeouts": null,
            "vpc_id": "vpc-03bf52e26cf7da085"
          },
          "sensitive_attributes": [],
          "identity_schema_version": 0,
          "private": "eyJlMmJmYjczMC1lY2FhLTExZTYtOGY4OC0zNDM2M2JjN2M0YzAiOnsiY3JlYXRlIjoxMjAwMDAwMDAwMDAwLCJkZWxldGUiOjEyMDAwMDAwMDAwMDAsInVwZGF0ZSI6MTIwMDAwMDAwMDAwMH19",
          "dependencies": [
            "aws_vpc.main"
          ]
        }
      ]
    },
    {
      "mode": "managed",
      "type": "aws_launch_template",
      "name": "web",
      "provider": "provider[\"registry.terraform.io/hashicorp/aws\"]",
      "instances": [
        {
          "schema_version": 0,
          "attributes": {
            "arn": "arn:aws:ec2:us-east-1:431998380302:launch-template/lt-03e80b8fca9ae6924",
            "block_device_mappings": [
              {
                "device_name": "/dev/xvda",
                "ebs": [
                  {
                    "delete_on_termination": "",
                    "encrypted": "",
                    "iops": 0,
                    "kms_key_id": "",
                    "snapshot_id": "",
                    "throughput": 0,
                    "volume_initialization_rate": 0,
                    "volume_size": 30,
                    "volume_type": "gp3"
                  }
                ],
                "no_device": "",
                "virtual_name": ""
              }
            ],
            "capacity_reservation_specification": [],
            "cpu_options": [],
            "credit_specification": [],
            "default_version": 1,
            "description": "",
            "disable_api_stop": false,
            "disable_api_termination": false,
            "ebs_optimized": "",
            "elastic_gpu_specifications": [],
            "elastic_inference_accelerator": [],
            "enclave_options": [],
            "hibernation_options": [],
            "iam_instance_profile": [
              {
                "arn": "",
                "name": "LabInstanceProfile"
              }
            ],
            "id": "lt-03e80b8fca9ae6924",
            "image_id": "ami-0c3e8df62015275ea",
            "instance_initiated_shutdown_behavior": "",
            "instance_market_options": [],
            "instance_requirements": [],
            "instance_type": "t3.small",
            "kernel_id": "",
            "key_name": "vockey",
            "latest_version": 1,
            "license_specification": [],
            "maintenance_options": [],
            "metadata_options": [],
            "monitoring": [],
            "name": "anbapp-web-lt-20251108231050291200000008",
            "name_prefix": "anbapp-web-lt-",
            "network_interfaces": [],
            "placement": [],
            "private_dns_name_options": [],
            "ram_disk_id": "",
            "security_group_names": null,
            "tag_specifications": [
              {
                "resource_type": "instance",
                "tags": {
                  "Name": "anbapp-web-asg",
                  "Project": "anbapp"
                }
              }
            ],
            "tags": null,
            "tags_all": {},
            "update_default_version": null,
            "user_data": "IyEvYmluL2Jhc2gKc2V0IC14ZQoKIyBJbnN0YWxsIERvY2tlciBhbmQgdXRpbGl0aWVzIChBbWF6b24gTGludXggMjAyMykKeXVtIHVwZGF0ZSAteSB8fCB0cnVlCnl1bSBpbnN0YWxsIC15IGRvY2tlciB8fCB0cnVlCnN5c3RlbWN0bCBlbmFibGUgZG9ja2VyCnN5c3RlbWN0bCBzdGFydCBkb2NrZXIKCiMgSW5zdGFsbCBkb2NrZXItY29tcG9zZSB2MiAoc3RhbmRhbG9uZSkKRE9DS0VSX0NPTVBPU0VfVkVSU0lPTj0iMi4yMy4wIgpjdXJsIC1MICJodHRwczovL2dpdGh1Yi5jb20vZG9ja2VyL2NvbXBvc2UvcmVsZWFzZXMvZG93bmxvYWQvdiR7RE9DS0VSX0NPTVBPU0VfVkVSU0lPTn0vZG9ja2VyLWNvbXBvc2UtJCh1bmFtZSAtcyktJCh1bmFtZSAtbSkiIC1vIC91c3IvbG9jYWwvYmluL2RvY2tlci1jb21wb3NlCmNobW9kICt4IC91c3IvbG9jYWwvYmluL2RvY2tlci1jb21wb3NlCgojIFZlcmlmeSBkb2NrZXItY29tcG9zZSBpbnN0YWxsYXRpb24KL3Vzci9sb2NhbC9iaW4vZG9ja2VyLWNvbXBvc2UgdmVyc2lvbiB8fCBlY2hvICJXYXJuaW5nOiBkb2NrZXItY29tcG9zZSBpbnN0YWxsYXRpb24gbWF5IGhhdmUgaXNzdWVzIgoKdXNlcm1vZCAtYUcgZG9ja2VyIGVjMi11c2VyIHx8IHRydWUKCiMgUHJlcGFyZSBlbnYgZmlsZQpta2RpciAtcCAvb3B0L2FuYmFwcCAmJiBjaG93biBlYzItdXNlcjplYzItdXNlciAvb3B0L2FuYmFwcAoKIyBWYXJpYWJsZXMgcGFzYWRhcyBkZXNkZSBUZXJyYWZvcm0KREJfSE9TVD0iYW5iYXBwLWRiLmNnY2RvZGR2ZnY0ai51cy1lYXN0LTEucmRzLmFtYXpvbmF3cy5jb20iCkRCX1BPUlQ9IjU0MzIiCkRCX1VTRVI9ImFuYnVzZXIiCkRCX1BBU1NXT1JEPSJBTkJhcHAyMDI0IVNlY3VyZSIKREJfTkFNRT0iYW5iYXBwIgpEQl9TU0xNT0RFPSJyZXF1aXJlIgpKV1RfU0VDUkVUPSJhbmItand0LXNlY3JldC1zdXBlci1zZWd1cm8tMjAyNC1hY2FkZW15LW1pbi0zMi1jaGFycyIKUzNfQlVDS0VUX05BTUU9ImFuYmFwcC12aWRlby1zdG9yYWdlNDMxOTk4MzgwMzAyIgpBV1NfUkVHSU9OPSJ1cy1lYXN0LTEiClNRU19RVUVVRV9VUkw9Imh0dHBzOi8vc3FzLnVzLWVhc3QtMS5hbWF6b25hd3MuY29tLzQzMTk5ODM4MDMwMi9hbmJhcHAtdmlkZW8tcHJvY2Vzc2luZyIKCmNhdCA+IC9vcHQvYW5iYXBwLy5lbnYgPDxFT0YKREJfSE9TVD0kREJfSE9TVApEQl9QT1JUPSREQl9QT1JUCkRCX1VTRVI9JERCX1VTRVIKREJfUEFTU1dPUkQ9JERCX1BBU1NXT1JECkRCX05BTUU9JERCX05BTUUKREJfU1NMTU9ERT0kREJfU1NMTU9ERQpKV1RfU0VDUkVUPSRKV1RfU0VDUkVUClMzX0JVQ0tFVF9OQU1FPSRTM19CVUNLRVRfTkFNRQpBV1NfUkVHSU9OPSRBV1NfUkVHSU9OClNUT1JBR0VfTU9ERT1zMwpTUVNfUVVFVUVfVVJMPSRTUVNfUVVFVUVfVVJMCkFVVEhfU0VSVkVSX1BPUlQ9ODA4MApWSURFT19TRVJWRVJfUE9SVD04MDgxClZPVElOR19TRVJWRVJfUE9SVD04MDgyClJBTktJTkdfU0VSVkVSX1BPUlQ9ODA4MwpGUk9OVF9TRVJWRVJfUE9SVD04MDg0CkVPRgoKY2hvd24gZWMyLXVzZXI6ZWMyLXVzZXIgL29wdC9hbmJhcHAvLmVudgoKIyBJbnN0YWxhciBBV1MgQ0xJIHNpIG5vIGVzdMOhIGluc3RhbGFkbwp5dW0gaW5zdGFsbCAteSBhd3MtY2xpIHx8IHRydWUKCiNDb25maWd1cmFyIHJlZ2nDs24gcGFyYSBBV1MgQ0xJCmF3cyBjb25maWd1cmUgc2V0IHJlZ2lvbiB1cy1lYXN0LTEKCiMgVmVyaWZpY2FyIGFjY2VzbyBhIFMzCmVjaG8gIlZlcmlmaWNhbmRvIGFjY2VzbyBhIGJ1Y2tldCBTMy4uLiIKYXdzIHMzIGxzIHMzOi8vYW5iYXBwLXZpZGVvLXN0b3JhZ2U0MzE5OTgzODAzMDIvIHx8IGVjaG8gIkJ1Y2tldCB2YWPDrW8gbyBwcmltZXIgYWNjZXNvIgoKIyBDbG9uZSByZXBvc2l0b3J5IGFuZCBkZXBsb3kgc2VydmljZXMKeXVtIGluc3RhbGwgLXkgZ2l0IHx8IHRydWUKY2QgL29wdC9hbmJhcHAKCiMgQ2xvbmUgcmVwb3NpdG9yeQplY2hvICJDbG9uYW5kbyByZXBvc2l0b3Jpby4uLiIKZ2l0IGNsb25lIC1iIGZlYXR1cmUvY2FybG9zLWVudHJlZ2EzIGh0dHBzOi8vZ2l0aHViLmNvbS9DYXJsb3MtUm9kcmlndWV6OTgvQU5CLVdlYkFwcC5naXQgcmVwbyB8fCB7CiAgICBlY2hvICJFcnJvciBhbCBjbG9uYXIgcmVwb3NpdG9yaW8uIFZlcmlmaWNhIGxhIFVSTCB5IHBlcm1pc29zLiIKICAgIGV4aXQgMQp9CgojIFdhaXQgZm9yIERvY2tlciB0byBiZSBmdWxseSByZWFkeQpzbGVlcCAxMAoKIyBEZXBsb3kgc2VydmljZXMgYXV0b21hdGljYWxseQplY2hvICJEZXNwbGVnYW5kbyBzZXJ2aWNpb3Mgd2ViLi4uIgpjZCAvb3B0L2FuYmFwcC9yZXBvL2luZnJhCgojIENvcGlhciAuZW52IGFsIGRpcmVjdG9yaW8gZGUgaW5mcmEgcGFyYSBxdWUgZG9ja2VyLWNvbXBvc2UgbG8gZW5jdWVudHJlCmNwIC9vcHQvYW5iYXBwLy5lbnYgL29wdC9hbmJhcHAvcmVwby9pbmZyYS8uZW52CgojIEV4cG9ydCBhbGwgdmFyaWFibGVzIGZyb20gLmVudiBmaWxlCnNldCAtYQpzb3VyY2UgL29wdC9hbmJhcHAvLmVudgpzZXQgK2EKCi91c3IvbG9jYWwvYmluL2RvY2tlci1jb21wb3NlIC1mIGRvY2tlci1jb21wb3NlLndlYi55bWwgdXAgLWQgLS1idWlsZAoKIyA9PT09PT09PT09PT09PT09PT09PT09PT09PT09PT09PT09PT09PT09PT09PQojIFBvYmxhciBiYXNlIGRlIGRhdG9zIGNvbiBkYXRvcyBpbmljaWFsZXMKIyA9PT09PT09PT09PT09PT09PT09PT09PT09PT09PT09PT09PT09PT09PT09PQplY2hvICJFamVjdXRhbmRvIHNjcmlwdCBkZSBpbmljaWFsaXphY2nDs24gZGUgYmFzZSBkZSBkYXRvcy4uLiIKCiMgSW5zdGFsYXIgUG9zdGdyZVNRTCBjbGllbnQKeXVtIGluc3RhbGwgLXkgcG9zdGdyZXNxbDE1IHx8IHl1bSBpbnN0YWxsIC15IHBvc3RncmVzcWwgfHwgZWNobyAiV2FybmluZzogQ291bGQgbm90IGluc3RhbGwgUG9zdGdyZVNRTCBjbGllbnQiCgojIEVzcGVyYXIgYSBxdWUgUkRTIGVzdMOpIGRpc3BvbmlibGUKZWNobyAiRXNwZXJhbmRvIGEgcXVlIFJEUyBlc3TDqSBkaXNwb25pYmxlLi4uIgpmb3IgaSBpbiB7MS4uMzB9OyBkbwogICAgaWYgUEdQQVNTV09SRD0iJERCX1BBU1NXT1JEIiBwc3FsIC1oICIkREJfSE9TVCIgLXAgIiREQl9QT1JUIiAtVSAiJERCX1VTRVIiIC1kICIkREJfTkFNRSIgLWMgIlNFTEVDVCAxIiA+IC9kZXYvbnVsbCAyPiYxOyB0aGVuCiAgICAgICAgZWNobyAi4pyTIENvbmV4acOzbiBhIFJEUyBlc3RhYmxlY2lkYSIKICAgICAgICBicmVhawogICAgZWxzZQogICAgICAgIGVjaG8gIkludGVudG8gJGkvMzA6IEVzcGVyYW5kbyBSRFMuLi4iCiAgICAgICAgc2xlZXAgMTAKICAgIGZpCiAgICBpZiBbICRpIC1lcSAzMCBdOyB0aGVuCiAgICAgICAgZWNobyAiV0FSTklORzogTm8gc2UgcHVkbyBjb25lY3RhciBhIFJEUyBkZXNwdcOpcyBkZSA1IG1pbnV0b3MuIENvbnRpbnVhbmRvIHNpbiBwb2JsYXIgZGF0b3MuLi4iCiAgICBmaQpkb25lCgojIEVqZWN1dGFyIGluaXQuc3FsIGRpcmVjdGFtZW50ZQpJTklUX1NRTD0iL29wdC9hbmJhcHAvcmVwby9zZXJ2aWNlcy9kYXRhYmFzZS1zZXJ2aWNlL2luaXQuc3FsIgoKaWYgWyAtZiAiJElOSVRfU1FMIiBdOyB0aGVuCiAgICBlY2hvICLwn5OEIEVqZWN1dGFuZG8gaW5pdC5zcWwuLi4iCiAgICBQR1BBU1NXT1JEPSIkREJfUEFTU1dPUkQiIHBzcWwgLWggIiREQl9IT1NUIiAtcCAiJERCX1BPUlQiIC1VICIkREJfVVNFUiIgLWQgIiREQl9OQU1FIiAtZiAiJElOSVRfU1FMIiA+IC90bXAvc2VlZC1kYi5sb2cgMj4mMQogICAgCiAgICBpZiBbICQ/IC1lcSAwIF07IHRoZW4KICAgICAgICBlY2hvICLinIUgU2NyaXB0IGVqZWN1dGFkbyBleGl0b3NhbWVudGUiCiAgICAgICAgCiAgICAgICAgIyBNb3N0cmFyIHJlc3VtZW4KICAgICAgICBQR1BBU1NXT1JEPSIkREJfUEFTU1dPUkQiIHBzcWwgLWggIiREQl9IT1NUIiAtcCAiJERCX1BPUlQiIC1VICIkREJfVVNFUiIgLWQgIiREQl9OQU1FIiAtdCAtYyAiCiAgICAgICAgICAgIFNFTEVDVCAn8J+RpSBVc3VhcmlvczogJyB8fCBDT1VOVCgqKSBGUk9NIGFwcC51c2VycwogICAgICAgICAgICBVTklPTiBBTEwKICAgICAgICAgICAgU0VMRUNUICfwn46sIFZpZGVvczogJyB8fCBDT1VOVCgqKSBGUk9NIGFwcC52aWRlb3MKICAgICAgICAgICAgVU5JT04gQUxMCiAgICAgICAgICAgIFNFTEVDVCAn4q2QIFZvdG9zOiAnIHx8IENPVU5UKCopIEZST00gYXBwLnZvdGVzOwogICAgICAgICIgMj4vZGV2L251bGwgfHwgZWNobyAiQkQgaW5pY2lhbGl6YWRhIgogICAgZWxzZQogICAgICAgIGVjaG8gIuKaoO+4jyBIdWJvIGVycm9yZXMgYWwgZWplY3V0YXIgZWwgc2NyaXB0LiBWZXIgL3RtcC9zZWVkLWRiLmxvZyIKICAgICAgICBjYXQgL3RtcC9zZWVkLWRiLmxvZwogICAgZmkKZWxzZQogICAgZWNobyAi4pqg77iPIE5vIHNlIGVuY29udHLDsyAkSU5JVF9TUUwiCmZpCgojIENyZWF0ZSBtYW51YWwgZGVwbG95IHNjcmlwdCBmb3IgZnV0dXJlIHVzZQpjYXQgPiAvb3B0L2FuYmFwcC9kZXBsb3kuc2ggPDwnREVQTE9ZX1NDUklQVCcKIyEvYmluL2Jhc2gKc2V0IC1lCmNkIC9vcHQvYW5iYXBwL3JlcG8vaW5mcmEKY3AgL29wdC9hbmJhcHAvLmVudiAvb3B0L2FuYmFwcC9yZXBvL2luZnJhLy5lbnYKc2V0IC1hCnNvdXJjZSAvb3B0L2FuYmFwcC8uZW52CnNldCArYQovdXNyL2xvY2FsL2Jpbi9kb2NrZXItY29tcG9zZSAtZiBkb2NrZXItY29tcG9zZS53ZWIueW1sIHVwIC1kIC0tYnVpbGQKREVQTE9ZX1NDUklQVAoKY2htb2QgK3ggL29wdC9hbmJhcHAvZGVwbG95LnNoCmNob3duIGVjMi11c2VyOmVjMi11c2VyIC9vcHQvYW5iYXBwL2RlcGxveS5zaAoKIyBJbnN0cnVjdGlvbnMKY2F0ID4gL29wdC9hbmJhcHAvUkVBRE1FLnR4dCA8PCdSRUFETUUnCkxvcyBzZXJ2aWNpb3Mgc2UgZGVzcGxlZ2Fyb24gYXV0b23DoXRpY2FtZW50ZSBhbCBhcnJhbmNhciBsYSBpbnN0YW5jaWEuCgpQYXJhIHZlciBlbCBlc3RhZG86CiAgIGRvY2tlciBwcwoKUGFyYSB2ZXIgbG9nczoKICAgY2QgL29wdC9hbmJhcHAvcmVwby9pbmZyYQogICAvdXNyL2xvY2FsL2Jpbi9kb2NrZXItY29tcG9zZSAtZiBkb2NrZXItY29tcG9zZS53ZWIueW1sIGxvZ3MgLWYKClBhcmEgcmVpbmljaWFyIHNlcnZpY2lvczoKICAgc3VkbyAvb3B0L2FuYmFwcC9kZXBsb3kuc2gKClBhcmEgZGV0ZW5lciBzZXJ2aWNpb3M6CiAgIGNkIC9vcHQvYW5iYXBwL3JlcG8vaW5mcmEKICAgL3Vzci9sb2NhbC9iaW4vZG9ja2VyLWNvbXBvc2UgLWYgZG9ja2VyLWNvbXBvc2Uud2ViLnltbCBkb3duCgpTZXJ2aWNpb3MgZGlzcG9uaWJsZXM6CiAgIC0gRnJvbnRlbmQ6IGh0dHA6Ly9sb2NhbGhvc3Q6ODA4NAogICAtIEF1dGg6IGh0dHA6Ly9sb2NhbGhvc3Q6ODA4MAogICAtIFZpZGVvOiBodHRwOi8vbG9jYWxob3N0OjgwODEKICAgLSBWb3Rpbmc6IGh0dHA6Ly9sb2NhbGhvc3Q6ODA4MgogICAtIFJhbmtpbmc6IGh0dHA6Ly9sb2NhbGhvc3Q6ODA4MwpSRUFETUUKCmVjaG8gIkRlc3BsaWVndWUgY29tcGxldGFkby4gVmVyIC9vcHQvYW5iYXBwL1JFQURNRS50eHQgcGFyYSBtw6FzIGluZm9ybWFjacOzbi4iCg==",
            "vpc_security_group_ids": [
              "sg-0b0df10bd572d3df8"
            ]
          },
          "sensitive_attributes": [
            [
              {
                "type": "get_attr",
                "value": "user_data"
              }
            ]
          ],
          "identity_schema_version": 0,
          "private": "bnVsbA==",
          "dependencies": [
            "aws_db_instance.main",
            "aws_db_parameter_group.pg",
            "aws_db_subnet_group.main",
            "aws_s3_bucket.storage",
            "aws_security_group.rds",
            "aws_security_group.web",
            "aws_sqs_queue.video_processing",
            "aws_subnet.private_a",
            "aws_subnet.private_b",
            "aws_vpc.main",
            "data.aws_ami.amazon_linux",
            "data.aws_availability_zones.available",
            "data.aws_caller_identity.current",
            "data.aws_iam_instance_profile.lab_instance_profile",
            "data.aws_key_pair.main"
          ],
          "create_before_destroy": true
        }
      ]
    },
    {
      "mode": "managed",
      "type": "aws_lb",
      "name": "main",
      "provider": "provider[\"registry.terraform.io/hashicorp/aws\"]",
      "instances": [
        {
          "schema_version": 0,
          "attributes": {
            "access_logs": [
              {
                "bucket": "",
                "enabled": false,
                "prefix": ""
              }
            ],
            "arn": "arn:aws:elasticloadbalancing:us-east-1:431998380302:loadbalancer/app/anbapp-alb/256ef7b190d65dae",
            "arn_suffix": "app/anbapp-alb/256ef7b190d65dae",
            "client_keep_alive": 3600,
            "connection_logs": [
              {
                "bucket": "",
                "enabled": false,
                "prefix": ""
              }
            ],
            "customer_owned_ipv4_pool": "",
            "desync_mitigation_mode": "defensive",
            "dns_name": "anbapp-alb-536689945.us-east-1.elb.amazonaws.com",
            "dns_record_client_routing_policy": null,
            "drop_invalid_header_fields": false,
            "enable_cross_zone_load_balancing": true,
            "enable_deletion_protection": false,
            "enable_http2": true,
            "enable_tls_version_and_cipher_suite_headers": false,
            "enable_waf_fail_open": false,
            "enable_xff_client_port": false,
            "enable_zonal_shift": false,
            "enforce_security_group_inbound_rules_on_private_link_traffic": "",
            "id": "arn:aws:elasticloadbalancing:us-east-1:431998380302:loadbalancer/app/anbapp-alb/256ef7b190d65dae",
            "idle_timeout": 60,
            "internal": false,
            "ip_address_type": "ipv4",
            "ipam_pools": [],
            "load_balancer_type": "application",
            "minimum_load_balancer_capacity": [],
            "name": "anbapp-alb",
            "name_prefix": "",
            "preserve_host_header": false,
            "security_groups": [
              "sg-0604206bcb11d0045"
            ],
            "subnet_mapping": [
              {
                "allocation_id": "",
                "ipv6_address": "",
                "outpost_id": "",
                "private_ipv4_address": "",
                "subnet_id": "subnet-046dce458cd627fe4"
              },
              {
                "allocation_id": "",
                "ipv6_address": "",
                "outpost_id": "",
                "private_ipv4_address": "",
                "subnet_id": "subnet-07dd9fb451c18b2b7"
              }
            ],
            "subnets": [
              "subnet-046dce458cd627fe4",
              "subnet-07dd9fb451c18b2b7"
            ],
            "tags": {
              "Name": "anbapp-alb",
              "Project": "anbapp"
            },
            "tags_all": {
              "Name": "anbapp-alb",
              "Project": "anbapp"
            },
            "timeouts": null,
            "vpc_id": "vpc-03bf52e26cf7da085",
            "xff_header_processing_mode": "append",
            "zone_id": "Z35SXDOTRQ7X7K"
          },
          "sensitive_attributes": [],
          "identity_schema_version": 0,
          "private": "eyJlMmJmYjczMC1lY2FhLTExZTYtOGY4OC0zNDM2M2JjN2M0YzAiOnsiY3JlYXRlIjo2MDAwMDAwMDAwMDAsImRlbGV0ZSI6NjAwMDAwMDAwMDAwLCJ1cGRhdGUiOjYwMDAwMDAwMDAwMH19",
          "dependencies": [
            "aws_security_group.alb",
            "aws_subnet.public",
            "aws_subnet.public_b",
            "aws_vpc.main",
            "data.aws_availability_zones.available"
          ]
        }
      ]
    },
    {
      "mode": "managed",
      "type": "aws_lb_listener",
      "name": "http",
      "provider": "provider[\"registry.terraform.io/hashicorp/aws\"]",
      "instances": [
        {
          "schema_version": 0,
          "attributes": {
            "alpn_policy": null,
            "arn": "arn:aws:elasticloadbalancing:us-east-1:431998380302:listener/app/anbapp-alb/256ef7b190d65dae/445900399b24b85f",
            "certificate_arn": null,
            "default_action": [
              {
                "authenticate_cognito": [],
                "authenticate_oidc": [],
                "fixed_response": [
                  {
                    "content_type": "text/plain",
                    "message_body": "Not Found",
                    "status_code": "404"
                  }
                ],
                "forward": [],
                "order": 1,
                "redirect": [],
                "target_group_arn": "",
                "type": "fixed-response"
              }
            ],
            "id": "arn:aws:elasticloadbalancing:us-east-1:431998380302:listener/app/anbapp-alb/256ef7b190d65dae/445900399b24b85f",
            "load_balancer_arn": "arn:aws:elasticloadbalancing:us-east-1:431998380302:loadbalancer/app/anbapp-alb/256ef7b190d65dae",
            "mutual_authentication": [],
            "port": 80,
            "protocol": "HTTP",
            "routing_http_request_x_amzn_mtls_clientcert_header_name": null,
            "routing_http_request_x_amzn_mtls_clientcert_issuer_header_name": null,
            "routing_http_request_x_amzn_mtls_clientcert_leaf_header_name": null,
            "routing_http_request_x_amzn_mtls_clientcert_serial_number_header_name": null,
            "routing_http_request_x_amzn_mtls_clientcert_subject_header_name": null,
            "routing_http_request_x_amzn_mtls_clientcert_validity_header_name": null,
            "routing_http_request_x_amzn_tls_cipher_suite_header_name": null,
            "routing_http_request_x_amzn_tls_version_header_name": null,
            "routing_http_response_access_control_allow_credentials_header_value": "",
            "routing_http_response_access_control_allow_headers_header_value": "",
            "routing_http_response_access_control_allow_methods_header_value": "",
            "routing_http_response_access_control_allow_origin_header_value": "",
            "routing_http_response_access_control_expose_headers_header_value": "",
            "routing_http_response_access_control_max_age_header_value": "",
            "routing_http_response_content_security_policy_header_value": "",
            "routing_http_response_server_enabled": true,
            "routing_http_response_strict_transport_security_header_value": "",
            "routing_http_response_x_content_type_options_header_value": "",
            "routing_http_response_x_frame_options_header_value": "",
            "ssl_policy": "",
            "tags": null,
            "tags_all": {},
            "tcp_idle_timeout_seconds": null,
            "timeouts": null
          },
          "sensitive_attributes": [],
          "identity_schema_version": 0,
          "private": "eyJlMmJmYjczMC1lY2FhLTExZTYtOGY4OC0zNDM2M2JjN2M0YzAiOnsiY3JlYXRlIjozMDAwMDAwMDAwMDAsInVwZGF0ZSI6MzAwMDAwMDAwMDAwfX0=",
          "dependencies": [
            "aws_lb.main",
            "aws_security_group.alb",
            "aws_subnet.public",
            "aws_subnet.public_b",
            "aws_vpc.main",
            "data.aws_availability_zones.available"
          ]
        }
      ]
    },
    {
      "mode": "managed",
      "type": "aws_lb_listener_rule",
      "name": "auth",
      "provider": "provider[\"registry.terraform.io/hashicorp/aws\"]",
      "instances": [
        {
          "schema_version": 0,
          "attributes": {
            "action": [
              {
                "authenticate_cognito": [],
                "authenticate_oidc": [],
                "fixed_response": [],
                "forward": [],
                "order": 1,
                "redirect": [],
                "target_group_arn": "arn:aws:elasticloadbalancing:us-east-1:431998380302:targetgroup/anbapp-auth-tg/5ee9bddef5862447",
                "type": "forward"
              }
            ],
            "arn": "arn:aws:elasticloadbalancing:us-east-1:431998380302:listener-rule/app/anbapp-alb/256ef7b190d65dae/445900399b24b85f/4e6edd94385342ca",
            "condition": [
              {
                "host_header": [],
                "http_header": [],
                "http_request_method": [],
                "path_pattern": [
                  {
                    "values": [
                      "/api/auth*"
                    ]
                  }
                ],
                "query_string": [],
                "source_ip": []
              }
            ],
            "id": "arn:aws:elasticloadbalancing:us-east-1:431998380302:listener-rule/app/anbapp-alb/256ef7b190d65dae/445900399b24b85f/4e6edd94385342ca",
            "listener_arn": "arn:aws:elasticloadbalancing:us-east-1:431998380302:listener/app/anbapp-alb/256ef7b190d65dae/445900399b24b85f",
            "priority": 10,
            "tags": null,
            "tags_all": {}
          },
          "sensitive_attributes": [],
          "identity_schema_version": 0,
          "private": "bnVsbA==",
          "dependencies": [
            "aws_lb.main",
            "aws_lb_listener.http",
            "aws_lb_target_group.auth",
            "aws_security_group.alb",
            "aws_subnet.public",
            "aws_subnet.public_b",
            "aws_vpc.main",
            "data.aws_availability_zones.available"
          ]
        }
      ]
    },
    {
      "mode": "managed",
      "type": "aws_lb_listener_rule",
      "name": "front",
      "provider": "provider[\"registry.terraform.io/hashicorp/aws\"]",
      "instances": [
        {
          "schema_version": 0,
          "attributes": {
            "action": [
              {
                "authenticate_cognito": [],
                "authenticate_oidc": [],
                "fixed_response": [],
                "forward": [],
                "order": 1,
                "redirect": [],
                "target_group_arn": "arn:aws:elasticloadbalancing:us-east-1:431998380302:targetgroup/anbapp-front-tg/429bf50e3d755b0a",
                "type": "forward"
              }
            ],
            "arn": "arn:aws:elasticloadbalancing:us-east-1:431998380302:listener-rule/app/anbapp-alb/256ef7b190d65dae/445900399b24b85f/53e822a9ee506653",
            "condition": [
              {
                "host_header": [],
                "http_header": [],
                "http_request_method": [],
                "path_pattern": [
                  {
                    "values": [
                      "/*"
                    ]
                  }
                ],
                "query_string": [],
                "source_ip": []
              }
            ],
            "id": "arn:aws:elasticloadbalancing:us-east-1:431998380302:listener-rule/app/anbapp-alb/256ef7b190d65dae/445900399b24b85f/53e822a9ee506653",
            "listener_arn": "arn:aws:elasticloadbalancing:us-east-1:431998380302:listener/app/anbapp-alb/256ef7b190d65dae/445900399b24b85f",
            "priority": 50,
            "tags": null,
            "tags_all": {}
          },
          "sensitive_attributes": [],
          "identity_schema_version": 0,
          "private": "bnVsbA==",
          "dependencies": [
            "aws_lb.main",
            "aws_lb_listener.http",
            "aws_lb_target_group.front",
            "aws_security_group.alb",
            "aws_subnet.public",
            "aws_subnet.public_b",
            "aws_vpc.main",
            "data.aws_availability_zones.available"
          ]
        }
      ]
    },
    {
      "mode": "managed",
      "type": "aws_lb_listener_rule",
      "name": "ranking",
      "provider": "provider[\"registry.terraform.io/hashicorp/aws\"]",
      "instances": [
        {
          "schema_version": 0,
          "attributes": {
            "action": [
              {
                "authenticate_cognito": [],
                "authenticate_oidc": [],
                "fixed_response": [],
                "forward": [],
                "order": 1,
                "redirect": [],
                "target_group_arn": "arn:aws:elasticloadbalancing:us-east-1:431998380302:targetgroup/anbapp-ranking-tg/c1c98a4473c8df17",
                "type": "forward"
              }
            ],
            "arn": "arn:aws:elasticloadbalancing:us-east-1:431998380302:listener-rule/app/anbapp-alb/256ef7b190d65dae/445900399b24b85f/2170c82cfdbd8b88",
            "condition": [
              {
                "host_header": [],
                "http_header": [],
                "http_request_method": [],
                "path_pattern": [
                  {
                    "values": [
                      "/api/public/rankings*"
                    ]
                  }
                ],
                "query_string": [],
                "source_ip": []
              }
            ],
            "id": "arn:aws:elasticloadbalancing:us-east-1:431998380302:listener-rule/app/anbapp-alb/256ef7b190d65dae/445900399b24b85f/2170c82cfdbd8b88",
            "listener_arn": "arn:aws:elasticloadbalancing:us-east-1:431998380302:listener/app/anbapp-alb/256ef7b190d65dae/445900399b24b85f",
            "priority": 40,
            "tags": null,
            "tags_all": {}
          },
          "sensitive_attributes": [],
          "identity_schema_version": 0,
          "private": "bnVsbA==",
          "dependencies": [
            "aws_lb.main",
            "aws_lb_listener.http",
            "aws_lb_target_group.ranking",
            "aws_security_group.alb",
            "aws_subnet.public",
            "aws_subnet.public_b",
            "aws_vpc.main",
            "data.aws_availability_zones.available"
          ]
        }
      ]
    },
    {
      "mode": "managed",
      "type": "aws_lb_listener_rule",
      "name": "video",
      "provider": "provider[\"registry.terraform.io/hashicorp/aws\"]",
      "instances": [
        {
          "schema_version": 0,
          "attributes": {
            "action": [
              {
                "authenticate_cognito": [],
                "authenticate_oidc": [],
                "fixed_response": [],
                "forward": [],
                "order": 1,
                "redirect": [],
                "target_group_arn": "arn:aws:elasticloadbalancing:us-east-1:431998380302:targetgroup/anbapp-video-tg/26269728f03bbce6",
                "type": "forward"
              }
            ],
            "arn": "arn:aws:elasticloadbalancing:us-east-1:431998380302:listener-rule/app/anbapp-alb/256ef7b190d65dae/445900399b24b85f/26917557f05448e9",
            "condition": [
              {
                "host_header": [],
                "http_header": [],
                "http_request_method": [],
                "path_pattern": [
                  {
                    "values": [
                      "/api/videos*"
                    ]
                  }
                ],
                "query_string": [],
                "source_ip": []
              }
            ],
            "id": "arn:aws:elasticloadbalancing:us-east-1:431998380302:listener-rule/app/anbapp-alb/256ef7b190d65dae/445900399b24b85f/26917557f05448e9",
            "listener_arn": "arn:aws:elasticloadbalancing:us-east-1:431998380302:listener/app/anbapp-alb/256ef7b190d65dae/445900399b24b85f",
            "priority": 20,
            "tags": null,
            "tags_all": {}
          },
          "sensitive_attributes": [],
          "identity_schema_version": 0,
          "private": "bnVsbA==",
          "dependencies": [
            "aws_lb.main",
            "aws_lb_listener.http",
            "aws_lb_target_group.video",
            "aws_security_group.alb",
            "aws_subnet.public",
            "aws_subnet.public_b",
            "aws_vpc.main",
            "data.aws_availability_zones.available"
          ]
        }
      ]
    },
    {
      "mode": "managed",
      "type": "aws_lb_listener_rule",
      "name": "voting",
      "provider": "provider[\"registry.terraform.io/hashicorp/aws\"]",
      "instances": [
        {
          "schema_version": 0,
          "attributes": {
            "action": [
              {
                "authenticate_cognito": [],
                "authenticate_oidc": [],
                "fixed_response": [],
                "forward": [],
                "order": 1,
                "redirect": [],
                "target_group_arn": "arn:aws:elasticloadbalancing:us-east-1:431998380302:targetgroup/anbapp-voting-tg/8cbbb6dab55ee72b",
                "type": "forward"
              }
            ],
            "arn": "arn:aws:elasticloadbalancing:us-east-1:431998380302:listener-rule/app/anbapp-alb/256ef7b190d65dae/445900399b24b85f/fd6eb88cd112ff30",
            "condition": [
              {
                "host_header": [],
                "http_header": [],
                "http_request_method": [],
                "path_pattern": [
                  {
                    "values": [
                      "/api/public/videos*"
                    ]
                  }
                ],
                "query_string": [],
                "source_ip": []
              }
            ],
            "id": "arn:aws:elasticloadbalancing:us-east-1:431998380302:listener-rule/app/anbapp-alb/256ef7b190d65dae/445900399b24b85f/fd6eb88cd112ff30",
            "listener_arn": "arn:aws:elasticloadbalancing:us-east-1:431998380302:listener/app/anbapp-alb/256ef7b190d65dae/445900399b24b85f",
            "priority": 30,
            "tags": null,
            "tags_all": {}
          },
          "sensitive_attributes": [],
          "identity_schema_version": 0,
          "private": "bnVsbA==",
          "dependencies": [
            "aws_lb.main",
            "aws_lb_listener.http",
            "aws_lb_target_group.voting",
            "aws_security_group.alb",
            "aws_subnet.public",
            "aws_subnet.public_b",
            "aws_vpc.main",
            "data.aws_availability_zones.available"
          ]
        }
      ]
    },
    {
      "mode": "managed",
      "type": "aws_lb_target_group",
      "name": "auth",
      "provider": "provider[\"registry.terraform.io/hashicorp/aws\"]",
      "instances": [
        {
          "schema_version": 0,
          "attributes": {
            "arn": "arn:aws:elasticloadbalancing:us-east-1:431998380302:targetgroup/anbapp-auth-tg/5ee9bddef5862447",
            "arn_suffix": "targetgroup/anbapp-auth-tg/5ee9bddef5862447",
            "connection_termination": null,
            "deregistration_delay": "30",
            "health_check": [
              {
                "enabled": true,
                "healthy_threshold": 2,
                "interval": 30,
                "matcher": "200",
                "path": "/health",
                "port": "traffic-port",
                "protocol": "HTTP",
                "timeout": 10,
                "unhealthy_threshold": 5
              }
            ],
            "id": "arn:aws:elasticloadbalancing:us-east-1:431998380302:targetgroup/anbapp-auth-tg/5ee9bddef5862447",
            "ip_address_type": "ipv4",
            "lambda_multi_value_headers_enabled": false,
            "load_balancer_arns": [],
            "load_balancing_algorithm_type": "round_robin",
            "load_balancing_anomaly_mitigation": "off",
            "load_balancing_cross_zone_enabled": "use_load_balancer_configuration",
            "name": "anbapp-auth-tg",
            "name_prefix": "",
            "port": 8080,
            "preserve_client_ip": null,
            "protocol": "HTTP",
            "protocol_version": "HTTP1",
            "proxy_protocol_v2": false,
            "slow_start": 0,
            "stickiness": [
              {
                "cookie_duration": 86400,
                "cookie_name": "",
                "enabled": false,
                "type": "lb_cookie"
              }
            ],
            "tags": {
              "Name": "anbapp-auth-tg",
              "Project": "anbapp"
            },
            "tags_all": {
              "Name": "anbapp-auth-tg",
              "Project": "anbapp"
            },
            "target_failover": [
              {
                "on_deregistration": null,
                "on_unhealthy": null
              }
            ],
            "target_group_health": [
              {
                "dns_failover": [
                  {
                    "minimum_healthy_targets_count": "1",
                    "minimum_healthy_targets_percentage": "off"
                  }
                ],
                "unhealthy_state_routing": [
                  {
                    "minimum_healthy_targets_count": 1,
                    "minimum_healthy_targets_percentage": "off"
                  }
                ]
              }
            ],
            "target_health_state": [
              {
                "enable_unhealthy_connection_termination": null,
                "unhealthy_draining_interval": null
              }
            ],
            "target_type": "instance",
            "vpc_id": "vpc-03bf52e26cf7da085"
          },
          "sensitive_attributes": [],
          "identity_schema_version": 0,
          "private": "bnVsbA==",
          "dependencies": [
            "aws_vpc.main"
          ],
          "create_before_destroy": true
        }
      ]
    },
    {
      "mode": "managed",
      "type": "aws_lb_target_group",
      "name": "front",
      "provider": "provider[\"registry.terraform.io/hashicorp/aws\"]",
      "instances": [
        {
          "schema_version": 0,
          "attributes": {
            "arn": "arn:aws:elasticloadbalancing:us-east-1:431998380302:targetgroup/anbapp-front-tg/429bf50e3d755b0a",
            "arn_suffix": "targetgroup/anbapp-front-tg/429bf50e3d755b0a",
            "connection_termination": null,
            "deregistration_delay": "30",
            "health_check": [
              {
                "enabled": true,
                "healthy_threshold": 2,
                "interval": 30,
                "matcher": "200",
                "path": "/",
                "port": "traffic-port",
                "protocol": "HTTP",
                "timeout": 10,
                "unhealthy_threshold": 5
              }
            ],
            "id": "arn:aws:elasticloadbalancing:us-east-1:431998380302:targetgroup/anbapp-front-tg/429bf50e3d755b0a",
            "ip_address_type": "ipv4",
            "lambda_multi_value_headers_enabled": false,
            "load_balancer_arns": [],
            "load_balancing_algorithm_type": "round_robin",
            "load_balancing_anomaly_mitigation": "off",
            "load_balancing_cross_zone_enabled": "use_load_balancer_configuration",
            "name": "anbapp-front-tg",
            "name_prefix": "",
            "port": 8084,
            "preserve_client_ip": null,
            "protocol": "HTTP",
            "protocol_version": "HTTP1",
            "proxy_protocol_v2": false,
            "slow_start": 0,
            "stickiness": [
              {
                "cookie_duration": 86400,
                "cookie_name": "",
                "enabled": false,
                "type": "lb_cookie"
              }
            ],
            "tags": {
              "Name": "anbapp-front-tg",
              "Project": "anbapp"
            },
            "tags_all": {
              "Name": "anbapp-front-tg",
              "Project": "anbapp"
            },
            "target_failover": [
              {
                "on_deregistration": null,
                "on_unhealthy": null
              }
            ],
            "target_group_health": [
              {
                "dns_failover": [
                  {
                    "minimum_healthy_targets_count": "1",
                    "minimum_healthy_targets_percentage": "off"
                  }
                ],
                "unhealthy_state_routing": [
                  {
                    "minimum_healthy_targets_count": 1,
                    "minimum_healthy_targets_percentage": "off"
                  }
                ]
              }
            ],
            "target_health_state": [
              {
                "enable_unhealthy_connection_termination": null,
                "unhealthy_draining_interval": null
              }
            ],
            "target_type": "instance",
            "vpc_id": "vpc-03bf52e26cf7da085"
          },
          "sensitive_attributes": [],
          "identity_schema_version": 0,
          "private": "bnVsbA==",
          "dependencies": [
            "aws_vpc.main"
          ],
          "create_before_destroy": true
        }
      ]
    },
    {
      "mode": "managed",
      "type": "aws_lb_target_group",
      "name": "ranking",
      "provider": "provider[\"registry.terraform.io/hashicorp/aws\"]",
      "instances": [
        {
          "schema_version": 0,
          "attributes": {
            "arn": "arn:aws:elasticloadbalancing:us-east-1:431998380302:targetgroup/anbapp-ranking-tg/c1c98a4473c8df17",
            "arn_suffix": "targetgroup/anbapp-ranking-tg/c1c98a4473c8df17",
            "connection_termination": null,
            "deregistration_delay": "30",
            "health_check": [
              {
                "enabled": true,
                "healthy_threshold": 2,
                "interval": 30,
                "matcher": "200",
                "path": "/health",
                "port": "traffic-port",
                "protocol": "HTTP",
                "timeout": 10,
                "unhealthy_threshold": 5
              }
            ],
            "id": "arn:aws:elasticloadbalancing:us-east-1:431998380302:targetgroup/anbapp-ranking-tg/c1c98a4473c8df17",
            "ip_address_type": "ipv4",
            "lambda_multi_value_headers_enabled": false,
            "load_balancer_arns": [],
            "load_balancing_algorithm_type": "round_robin",
            "load_balancing_anomaly_mitigation": "off",
            "load_balancing_cross_zone_enabled": "use_load_balancer_configuration",
            "name": "anbapp-ranking-tg",
            "name_prefix": "",
            "port": 8083,
            "preserve_client_ip": null,
            "protocol": "HTTP",
            "protocol_version": "HTTP1",
            "proxy_protocol_v2": false,
            "slow_start": 0,
            "stickiness": [
              {
                "cookie_duration": 86400,
                "cookie_name": "",
                "enabled": false,
                "type": "lb_cookie"
              }
            ],
            "tags": {
              "Name": "anbapp-ranking-tg",
              "Project": "anbapp"
            },
            "tags_all": {
              "Name": "anbapp-ranking-tg",
              "Project": "anbapp"
            },
            "target_failover": [
              {
                "on_deregistration": null,
                "on_unhealthy": null
              }
            ],
            "target_group_health": [
              {
                "dns_failover": [
                  {
                    "minimum_healthy_targets_count": "1",
                    "minimum_healthy_targets_percentage": "off"
                  }
                ],
                "unhealthy_state_routing": [
                  {
                    "minimum_healthy_targets_count": 1,
                    "minimum_healthy_targets_percentage": "off"
                  }
                ]
              }
            ],
            "target_health_state": [
              {
                "enable_unhealthy_connection_termination": null,
                "unhealthy_draining_interval": null
              }
            ],
            "target_type": "instance",
            "vpc_id": "vpc-03bf52e26cf7da085"
          },
          "sensitive_attributes": [],
          "identity_schema_version": 0,
          "private": "bnVsbA==",
          "dependencies": [
            "aws_vpc.main"
          ],
          "create_before_destroy": true
        }
      ]
    },
    {
      "mode": "managed",
      "type": "aws_lb_target_group",
      "name": "video",
      "provider": "provider[\"registry.terraform.io/hashicorp/aws\"]",
      "instances": [
        {
          "schema_version": 0,
          "attributes": {
            "arn": "arn:aws:elasticloadbalancing:us-east-1:431998380302:targetgroup/anbapp-video-tg/26269728f03bbce6",
            "arn_suffix": "targetgroup/anbapp-video-tg/26269728f03bbce6",
            "connection_termination": null,
            "deregistration_delay": "30",
            "health_check": [
              {
                "enabled": true,
                "healthy_threshold": 2,
                "interval": 30,
                "matcher": "200",
                "path": "/health",
                "port": "traffic-port",
                "protocol": "HTTP",
                "timeout": 10,
                "unhealthy_threshold": 5
              }
            ],
            "id": "arn:aws:elasticloadbalancing:us-east-1:431998380302:targetgroup/anbapp-video-tg/26269728f03bbce6",
            "ip_address_type": "ipv4",
            "lambda_multi_value_headers_enabled": false,
            "load_balancer_arns": [],
            "load_balancing_algorithm_type": "round_robin",
            "load_balancing_anomaly_mitigation": "off",
            "load_balancing_cross_zone_enabled": "use_load_balancer_configuration",
            "name": "anbapp-video-tg",
            "name_prefix": "",
            "port": 8081,
            "preserve_client_ip": null,
            "protocol": "HTTP",
            "protocol_version": "HTTP1",
            "proxy_protocol_v2": false,
            "slow_start": 0,
            "stickiness": [
              {
                "cookie_duration": 86400,
                "cookie_name": "",
                "enabled": false,
                "type": "lb_cookie"
              }
            ],
            "tags": {
              "Name": "anbapp-video-tg",
              "Project": "anbapp"
            },
            "tags_all": {
              "Name": "anbapp-video-tg",
              "Project": "anbapp"
            },
            "target_failover": [
              {
                "on_deregistration": null,
                "on_unhealthy": null
              }
            ],
            "target_group_health": [
              {
                "dns_failover": [
                  {
                    "minimum_healthy_targets_count": "1",
                    "minimum_healthy_targets_percentage": "off"
                  }
                ],
                "unhealthy_state_routing": [
                  {
                    "minimum_healthy_targets_count": 1,
                    "minimum_healthy_targets_percentage": "off"
                  }
                ]
              }
            ],
            "target_health_state": [
              {
                "enable_unhealthy_connection_termination": null,
                "unhealthy_draining_interval": null
              }
            ],
            "target_type": "instance",
            "vpc_id": "vpc-03bf52e26cf7da085"
          },
          "sensitive_attributes": [],
          "identity_schema_version": 0,
          "private": "bnVsbA==",
          "dependencies": [
            "aws_vpc.main"
          ],
          "create_before_destroy": true
        }
      ]
    },
    {
      "mode": "managed",
      "type": "aws_lb_target_group",
      "name": "voting",
      "provider": "provider[\"registry.terraform.io/hashicorp/aws\"]",
      "instances": [
        {
          "schema_version": 0,
          "attributes": {
            "arn": "arn:aws:elasticloadbalancing:us-east-1:431998380302:targetgroup/anbapp-voting-tg/8cbbb6dab55ee72b",
            "arn_suffix": "targetgroup/anbapp-voting-tg/8cbbb6dab55ee72b",
            "connection_termination": null,
            "deregistration_delay": "30",
            "health_check": [
              {
                "enabled": true,
                "healthy_threshold": 2,
                "interval": 30,
                "matcher": "200",
                "path": "/health",
                "port": "traffic-port",
                "protocol": "HTTP",
                "timeout": 10,
                "unhealthy_threshold": 5
              }
            ],
            "id": "arn:aws:elasticloadbalancing:us-east-1:431998380302:targetgroup/anbapp-voting-tg/8cbbb6dab55ee72b",
            "ip_address_type": "ipv4",
            "lambda_multi_value_headers_enabled": false,
            "load_balancer_arns": [],
            "load_balancing_algorithm_type": "round_robin",
            "load_balancing_anomaly_mitigation": "off",
            "load_balancing_cross_zone_enabled": "use_load_balancer_configuration",
            "name": "anbapp-voting-tg",
            "name_prefix": "",
            "port": 8082,
            "preserve_client_ip": null,
            "protocol": "HTTP",
            "protocol_version": "HTTP1",
            "proxy_protocol_v2": false,
            "slow_start": 0,
            "stickiness": [
              {
                "cookie_duration": 86400,
                "cookie_name": "",
                "enabled": false,
                "type": "lb_cookie"
              }
            ],
            "tags": {
              "Name": "anbapp-voting-tg",
              "Project": "anbapp"
            },
            "tags_all": {
              "Name": "anbapp-voting-tg",
              "Project": "anbapp"
            },
            "target_failover": [
              {
                "on_deregistration": null,
                "on_unhealthy": null
              }
            ],
            "target_group_health": [
              {
                "dns_failover": [
                  {
                    "minimum_healthy_targets_count": "1",
                    "minimum_healthy_targets_percentage": "off"
                  }
                ],
                "unhealthy_state_routing": [
                  {
                    "minimum_healthy_targets_count": 1,
                    "minimum_healthy_targets_percentage": "off"
                  }
                ]
              }
            ],
            "target_health_state": [
              {
                "enable_unhealthy_connection_termination": null,
                "unhealthy_draining_interval": null
              }
            ],
            "target_type": "instance",
            "vpc_id": "vpc-03bf52e26cf7da085"
          },
          "sensitive_attributes": [],
          "identity_schema_version": 0,
          "private": "bnVsbA==",
          "dependencies": [
            "aws_vpc.main"
          ],
          "create_before_destroy": true
        }
      ]
    },
    {
      "mode": "managed",
      "type": "aws_nat_gateway",
      "name": "nat",
      "provider": "provider[\"registry.terraform.io/hashicorp/aws\"]",
      "instances": [
        {
          "schema_version": 0,
          "attributes": {
            "allocation_id": "eipalloc-0a1ea2d03ca815d77",
            "association_id": "eipassoc-0bcf45eee00be8d28",
            "connectivity_type": "public",
            "id": "nat-02df13b338370dab5",
            "network_interface_id": "eni-0c4cc92e71bbbc271",
            "private_ip": "10.0.1.88",
            "public_ip": "52.23.47.125",
            "secondary_allocation_ids": null,
            "secondary_private_ip_address_count": 0,
            "secondary_private_ip_addresses": [],
            "subnet_id": "subnet-046dce458cd627fe4",
            "tags": {
              "Env": "dev",
              "Name": "anbapp-nat",
              "Project": "anbapp"
            },
            "tags_all": {
              "Env": "dev",
              "Name": "anbapp-nat",
              "Project": "anbapp"
            },
            "timeouts": null
          },
          "sensitive_attributes": [],
          "identity_schema_version": 0,
          "private": "eyJlMmJmYjczMC1lY2FhLTExZTYtOGY4OC0zNDM2M2JjN2M0YzAiOnsiY3JlYXRlIjo2MDAwMDAwMDAwMDAsImRlbGV0ZSI6MTgwMDAwMDAwMDAwMCwidXBkYXRlIjo2MDAwMDAwMDAwMDB9fQ==",
          "dependencies": [
            "aws_eip.nat",
            "aws_internet_gateway.igw",
            "aws_subnet.public",
            "aws_vpc.main",
            "data.aws_availability_zones.available"
          ]
        }
      ]
    },
    {
      "mode": "managed",
      "type": "aws_route",
      "name": "private_nat",
      "provider": "provider[\"registry.terraform.io/hashicorp/aws\"]",
      "instances": [
        {
          "schema_version": 0,
          "attributes": {
            "carrier_gateway_id": "",
            "core_network_arn": "",
            "destination_cidr_block": "0.0.0.0/0",
            "destination_ipv6_cidr_block": "",
            "destination_prefix_list_id": "",
            "egress_only_gateway_id": "",
            "gateway_id": "",
            "id": "r-rtb-0ef9bf90eeafdbf3e1080289494",
            "instance_id": "",
            "instance_owner_id": "",
            "local_gateway_id": "",
            "nat_gateway_id": "nat-02df13b338370dab5",
            "network_interface_id": "",
            "origin": "CreateRoute",
            "route_table_id": "rtb-0ef9bf90eeafdbf3e",
            "state": "active",
            "timeouts": null,
            "transit_gateway_id": "",
            "vpc_endpoint_id": "",
            "vpc_peering_connection_id": ""
          },
          "sensitive_attributes": [],
          "identity_schema_version": 0,
          "private": "eyJlMmJmYjczMC1lY2FhLTExZTYtOGY4OC0zNDM2M2JjN2M0YzAiOnsiY3JlYXRlIjozMDAwMDAwMDAwMDAsImRlbGV0ZSI6MzAwMDAwMDAwMDAwLCJ1cGRhdGUiOjEyMDAwMDAwMDAwMH19",
          "dependencies": [
            "aws_eip.nat",
            "aws_internet_gateway.igw",
            "aws_nat_gateway.nat",
            "aws_route_table.private",
            "aws_subnet.public",
            "aws_vpc.main",
            "data.aws_availability_zones.available"
          ]
        }
      ]
    },
    {
      "mode": "managed",
      "type": "aws_route",
      "name": "public_inet",
      "provider": "provider[\"registry.terraform.io/hashicorp/aws\"]",
      "instances": [
        {
          "schema_version": 0,
          "attributes": {
            "carrier_gateway_id": "",
            "core_network_arn": "",
            "destination_cidr_block": "0.0.0.0/0",
            "destination_ipv6_cidr_block": "",
            "destination_prefix_list_id": "",
            "egress_only_gateway_id": "",
            "gateway_id": "igw-004f042ec79fee83f",
            "id": "r-rtb-0a3daf5138d2dad521080289494",
            "instance_id": "",
            "instance_owner_id": "",
            "local_gateway_id": "",
            "nat_gateway_id": "",
            "network_interface_id": "",
            "origin": "CreateRoute",
            "route_table_id": "rtb-0a3daf5138d2dad52",
            "state": "active",
            "timeouts": null,
            "transit_gateway_id": "",
            "vpc_endpoint_id": "",
            "vpc_peering_connection_id": ""
          },
          "sensitive_attributes": [],
          "identity_schema_version": 0,
          "private": "eyJlMmJmYjczMC1lY2FhLTExZTYtOGY4OC0zNDM2M2JjN2M0YzAiOnsiY3JlYXRlIjozMDAwMDAwMDAwMDAsImRlbGV0ZSI6MzAwMDAwMDAwMDAwLCJ1cGRhdGUiOjEyMDAwMDAwMDAwMH19",
          "dependencies": [
            "aws_internet_gateway.igw",
            "aws_route_table.public",
            "aws_vpc.main"
          ]
        }
      ]
    },
    {
      "mode": "managed",
      "type": "aws_route_table",
      "name": "private",
      "provider": "provider[\"registry.terraform.io/hashicorp/aws\"]",
      "instances": [
        {
          "schema_version": 0,
          "attributes": {
            "arn": "arn:aws:ec2:us-east-1:431998380302:route-table/rtb-0ef9bf90eeafdbf3e",
            "id": "rtb-0ef9bf90eeafdbf3e",
            "owner_id": "431998380302",
            "propagating_vgws": [],
            "route": [],
            "tags": {
              "Env": "dev",
              "Name": "anbapp-rt-private",
              "Project": "anbapp"
            },
            "tags_all": {
              "Env": "dev",
              "Name": "anbapp-rt-private",
              "Project": "anbapp"
            },
            "timeouts": null,
            "vpc_id": "vpc-03bf52e26cf7da085"
          },
          "sensitive_attributes": [],
          "identity_schema_version": 0,
          "private": "eyJlMmJmYjczMC1lY2FhLTExZTYtOGY4OC0zNDM2M2JjN2M0YzAiOnsiY3JlYXRlIjozMDAwMDAwMDAwMDAsImRlbGV0ZSI6MzAwMDAwMDAwMDAwLCJ1cGRhdGUiOjEyMDAwMDAwMDAwMH19",
          "dependencies": [
            "aws_vpc.main"
          ]
        }
      ]
    },
    {
      "mode": "managed",
      "type": "aws_route_table",
      "name": "public",
      "provider": "provider[\"registry.terraform.io/hashicorp/aws\"]",
      "instances": [
        {
          "schema_version": 0,
          "attributes": {
            "arn": "arn:aws:ec2:us-east-1:431998380302:route-table/rtb-0a3daf5138d2dad52",
            "id": "rtb-0a3daf5138d2dad52",
            "owner_id": "431998380302",
            "propagating_vgws": [],
            "route": [],
            "tags": {
              "Env": "dev",
              "Name": "anbapp-rt-public",
              "Project": "anbapp"
            },
            "tags_all": {
              "Env": "dev",
              "Name": "anbapp-rt-public",
              "Project": "anbapp"
            },
            "timeouts": null,
            "vpc_id": "vpc-03bf52e26cf7da085"
          },
          "sensitive_attributes": [],
          "identity_schema_version": 0,
          "private": "eyJlMmJmYjczMC1lY2FhLTExZTYtOGY4OC0zNDM2M2JjN2M0YzAiOnsiY3JlYXRlIjozMDAwMDAwMDAwMDAsImRlbGV0ZSI6MzAwMDAwMDAwMDAwLCJ1cGRhdGUiOjEyMDAwMDAwMDAwMH19",
          "dependencies": [
            "aws_vpc.main"
          ]
        }
      ]
    },
    {
      "mode": "managed",
      "type": "aws_route_table_association",
      "name": "private_assoc_a",
      "provider": "provider[\"registry.terraform.io/hashicorp/aws\"]",
      "instances": [
        {
          "schema_version": 0,
          "attributes": {
            "gateway_id": "",
            "id": "rtbassoc-082b18e4f6968f031",
            "route_table_id": "rtb-0ef9bf90eeafdbf3e",
            "subnet_id": "subnet-0dea0c7949de52903",
            "timeouts": null
          },
          "sensitive_attributes": [],
          "identity_schema_version": 0,
          "private": "eyJlMmJmYjczMC1lY2FhLTExZTYtOGY4OC0zNDM2M2JjN2M0YzAiOnsiY3JlYXRlIjozMDAwMDAwMDAwMDAsImRlbGV0ZSI6MzAwMDAwMDAwMDAwLCJ1cGRhdGUiOjEyMDAwMDAwMDAwMH19",
          "dependencies": [
            "aws_route_table.private",
            "aws_subnet.private_a",
            "aws_vpc.main",
            "data.aws_availability_zones.available"
          ]
        }
      ]
    },
    {
      "mode": "managed",
      "type": "aws_route_table_association",
      "name": "private_assoc_b",
      "provider": "provider[\"registry.terraform.io/hashicorp/aws\"]",
      "instances": [
        {
          "schema_version": 0,
          "attributes": {
            "gateway_id": "",
            "id": "rtbassoc-0a864c0e1997ffd7c",
            "route_table_id": "rtb-0ef9bf90eeafdbf3e",
            "subnet_id": "subnet-0d377534ff00d4f23",
            "timeouts": null
          },
          "sensitive_attributes": [],
          "identity_schema_version": 0,
          "private": "eyJlMmJmYjczMC1lY2FhLTExZTYtOGY4OC0zNDM2M2JjN2M0YzAiOnsiY3JlYXRlIjozMDAwMDAwMDAwMDAsImRlbGV0ZSI6MzAwMDAwMDAwMDAwLCJ1cGRhdGUiOjEyMDAwMDAwMDAwMH19",
          "dependencies": [
            "aws_route_table.private",
            "aws_subnet.private_b",
            "aws_vpc.main",
            "data.aws_availability_zones.available"
          ]
        }
      ]
    },
    {
      "mode": "managed",
      "type": "aws_route_table_association",
      "name": "public_assoc",
      "provider": "provider[\"registry.terraform.io/hashicorp/aws\"]",
      "instances": [
        {
          "schema_version": 0,
          "attributes": {
            "gateway_id": "",
            "id": "rtbassoc-03cb58e576df837fa",
            "route_table_id": "rtb-0a3daf5138d2dad52",
            "subnet_id": "subnet-046dce458cd627fe4",
            "timeouts": null
          },
          "sensitive_attributes": [],
          "identity_schema_version": 0,
          "private": "eyJlMmJmYjczMC1lY2FhLTExZTYtOGY4OC0zNDM2M2JjN2M0YzAiOnsiY3JlYXRlIjozMDAwMDAwMDAwMDAsImRlbGV0ZSI6MzAwMDAwMDAwMDAwLCJ1cGRhdGUiOjEyMDAwMDAwMDAwMH19",
          "dependencies": [
            "aws_route_table.public",
            "aws_subnet.public",
            "aws_vpc.main",
            "data.aws_availability_zones.available"
          ]
        }
      ]
    },
    {
      "mode": "managed",
      "type": "aws_route_table_association",
      "name": "public_assoc_b",
      "provider": "provider[\"registry.terraform.io/hashicorp/aws\"]",
      "instances": [
        {
          "schema_version": 0,
          "attributes": {
            "gateway_id": "",
            "id": "rtbassoc-09479af2506c8293d",
            "route_table_id": "rtb-0a3daf5138d2dad52",
            "subnet_id": "subnet-07dd9fb451c18b2b7",
            "timeouts": null
          },
          "sensitive_attributes": [],
          "identity_schema_version": 0,
          "private": "eyJlMmJmYjczMC1lY2FhLTExZTYtOGY4OC0zNDM2M2JjN2M0YzAiOnsiY3JlYXRlIjozMDAwMDAwMDAwMDAsImRlbGV0ZSI6MzAwMDAwMDAwMDAwLCJ1cGRhdGUiOjEyMDAwMDAwMDAwMH19",
          "dependencies": [
            "aws_route_table.public",
            "aws_subnet.public_b",
            "aws_vpc.main",
            "data.aws_availability_zones.available"
          ]
        }
      ]
    },
    {
      "mode": "managed",
      "type": "aws_s3_bucket",
      "name": "storage",
      "provider": "provider[\"registry.terraform.io/hashicorp/aws\"]",
      "instances": [
        {
          "schema_version": 0,
          "attributes": {
            "acceleration_status": "",
            "acl": null,
            "arn": "arn:aws:s3:::anbapp-video-storage431998380302",
            "bucket": "anbapp-video-storage431998380302",
            "bucket_domain_name": "anbapp-video-storage431998380302.s3.amazonaws.com",
            "bucket_prefix": "",
            "bucket_regional_domain_name": "anbapp-video-storage431998380302.s3.us-east-1.amazonaws.com",
            "cors_rule": [],
            "force_destroy": false,
            "grant": [
              {
                "id": "c8414d09a388828e009b596b17462edc47a0401ffa80cf6a7bddaccf13343088",
                "permissions": [
                  "FULL_CONTROL"
                ],
                "type": "CanonicalUser",
                "uri": ""
              }
            ],
            "hosted_zone_id": "Z3AQBSTGFYJSTF",
            "id": "anbapp-video-storage431998380302",
            "lifecycle_rule": [],
            "logging": [],
            "object_lock_configuration": [],
            "object_lock_enabled": false,
            "policy": "",
            "region": "us-east-1",
            "replication_configuration": [],
            "request_payer": "BucketOwner",
            "server_side_encryption_configuration": [
              {
                "rule": [
                  {
                    "apply_server_side_encryption_by_default": [
                      {
                        "kms_master_key_id": "",
                        "sse_algorithm": "AES256"
                      }
                    ],
                    "bucket_key_enabled": false
                  }
                ]
              }
            ],
            "tags": {
              "Name": "anbapp-storage",
              "Project": "anbapp"
            },
            "tags_all": {
              "Name": "anbapp-storage",
              "Project": "anbapp"
            },
            "timeouts": null,
            "versioning": [
              {
                "enabled": false,
                "mfa_delete": false
              }
            ],
            "website": [],
            "website_domain": null,
            "website_endpoint": null
          },
          "sensitive_attributes": [],
          "identity_schema_version": 0,
          "private": "eyJlMmJmYjczMC1lY2FhLTExZTYtOGY4OC0zNDM2M2JjN2M0YzAiOnsiY3JlYXRlIjoxMjAwMDAwMDAwMDAwLCJkZWxldGUiOjM2MDAwMDAwMDAwMDAsInJlYWQiOjEyMDAwMDAwMDAwMDAsInVwZGF0ZSI6MTIwMDAwMDAwMDAwMH19",
          "dependencies": [
            "data.aws_caller_identity.current"
          ],
          "create_before_destroy": true
        }
      ]
    },
    {
      "mode": "managed",
      "type": "aws_s3_bucket_lifecycle_configuration",
      "name": "storage",
      "provider": "provider[\"registry.terraform.io/hashicorp/aws\"]",
      "instances": [
        {
          "schema_version": 1,
          "attributes": {
            "bucket": "anbapp-video-storage431998380302",
            "expected_bucket_owner": "",
            "id": "anbapp-video-storage431998380302",
            "rule": [
              {
                "abort_incomplete_multipart_upload": [
                  {
                    "days_after_initiation": 7
                  }
                ],
                "expiration": [],
                "filter": [
                  {
                    "and": [],
                    "object_size_greater_than": null,
                    "object_size_less_than": null,
                    "prefix": "",
                    "tag": []
                  }
                ],
                "id": "delete-incomplete-uploads",
                "noncurrent_version_expiration": [],
                "noncurrent_version_transition": [],
                "prefix": "",
                "status": "Enabled",
                "transition": []
              }
            ],
            "timeouts": null,
            "transition_default_minimum_object_size": "all_storage_classes_128K"
          },
          "sensitive_attributes": [],
          "identity_schema_version": 0,
          "dependencies": [
            "aws_s3_bucket.storage",
            "data.aws_caller_identity.current"
          ]
        }
      ]
    },
    {
      "mode": "managed",
      "type": "aws_s3_bucket_public_access_block",
      "name": "storage",
      "provider": "provider[\"registry.terraform.io/hashicorp/aws\"]",
      "instances": [
        {
          "schema_version": 0,
          "attributes": {
            "block_public_acls": true,
            "block_public_policy": true,
            "bucket": "anbapp-video-storage431998380302",
            "id": "anbapp-video-storage431998380302",
            "ignore_public_acls": true,
            "restrict_public_buckets": true
          },
          "sensitive_attributes": [],
          "identity_schema_version": 0,
          "private": "bnVsbA==",
          "dependencies": [
            "aws_s3_bucket.storage",
            "data.aws_caller_identity.current"
          ]
        }
      ]
    },
    {
      "mode": "managed",
      "type": "aws_security_group",
      "name": "alb",
      "provider": "provider[\"registry.terraform.io/hashicorp/aws\"]",
      "instances": [
        {
          "schema_version": 1,
          "attributes": {
            "arn": "arn:aws:ec2:us-east-1:431998380302:security-group/sg-0604206bcb11d0045",
            "description": "Allow HTTP/HTTPS from Internet to ALB",
            "egress": [
              {
                "cidr_blocks": [
                  "0.0.0.0/0"
                ],
                "description": "",
                "from_port": 0,
                "ipv6_cidr_blocks": [],
                "prefix_list_ids": [],
                "protocol": "-1",
                "security_groups": [],
                "self": false,
                "to_port": 0
              }
            ],
            "id": "sg-0604206bcb11d0045",
            "ingress": [],
            "name": "anbapp-alb-sg",
            "name_prefix": "",
            "owner_id": "431998380302",
            "revoke_rules_on_delete": false,
            "tags": {
              "Env": "dev",
              "Name": "anbapp-alb-sg",
              "Project": "anbapp"
            },
            "tags_all": {
              "Env": "dev",
              "Name": "anbapp-alb-sg",
              "Project": "anbapp"
            },
            "timeouts": null,
            "vpc_id": "vpc-03bf52e26cf7da085"
          },
          "sensitive_attributes": [],
          "identity_schema_version": 0,
          "private": "eyJlMmJmYjczMC1lY2FhLTExZTYtOGY4OC0zNDM2M2JjN2M0YzAiOnsiY3JlYXRlIjo2MDAwMDAwMDAwMDAsImRlbGV0ZSI6OTAwMDAwMDAwMDAwfSwic2NoZW1hX3ZlcnNpb24iOiIxIn0=",
          "dependencies": [
            "aws_vpc.main"
          ]
        }
      ]
    },
    {
      "mode": "managed",
      "type": "aws_security_group",
      "name": "rds",
      "provider": "provider[\"registry.terraform.io/hashicorp/aws\"]",
      "instances": [
        {
          "schema_version": 1,
          "attributes": {
            "arn": "arn:aws:ec2:us-east-1:431998380302:security-group/sg-0e6d54d9e702c3c8d",
            "description": "RDS security group",
            "egress": [
              {
                "cidr_blocks": [
                  "0.0.0.0/0"
                ],
                "description": "",
                "from_port": 0,
                "ipv6_cidr_blocks": [],
                "prefix_list_ids": [],
                "protocol": "-1",
                "security_groups": [],
                "self": false,
                "to_port": 0
              }
            ],
            "id": "sg-0e6d54d9e702c3c8d",
            "ingress": [],
            "name": "anbapp-rds-sg",
            "name_prefix": "",
            "owner_id": "431998380302",
            "revoke_rules_on_delete": false,
            "tags": {
              "Env": "dev",
              "Name": "anbapp-rds-sg",
              "Project": "anbapp"
            },
            "tags_all": {
              "Env": "dev",
              "Name": "anbapp-rds-sg",
              "Project": "anbapp"
            },
            "timeouts": null,
            "vpc_id": "vpc-03bf52e26cf7da085"
          },
          "sensitive_attributes": [],
          "identity_schema_version": 0,
          "private": "eyJlMmJmYjczMC1lY2FhLTExZTYtOGY4OC0zNDM2M2JjN2M0YzAiOnsiY3JlYXRlIjo2MDAwMDAwMDAwMDAsImRlbGV0ZSI6OTAwMDAwMDAwMDAwfSwic2NoZW1hX3ZlcnNpb24iOiIxIn0=",
          "dependencies": [
            "aws_vpc.main"
          ],
          "create_before_destroy": true
        }
      ]
    },
    {
      "mode": "managed",
      "type": "aws_security_group",
      "name": "vpce",
      "provider": "provider[\"registry.terraform.io/hashicorp/aws\"]",
      "instances": [
        {
          "schema_version": 1,
          "attributes": {
            "arn": "arn:aws:ec2:us-east-1:431998380302:security-group/sg-038be578ce661f8b4",
            "description": "SG for SSM/KMS VPC Endpoints",
            "egress": [
              {
                "cidr_blocks": [
                  "0.0.0.0/0"
                ],
                "description": "",
                "from_port": 0,
                "ipv6_cidr_blocks": [],
                "prefix_list_ids": [],
                "protocol": "-1",
                "security_groups": [],
                "self": false,
                "to_port": 0
              }
            ],
            "id": "sg-038be578ce661f8b4",
            "ingress": [
              {
                "cidr_blocks": [
                  "10.0.0.0/16"
                ],
                "description": "",
                "from_port": 443,
                "ipv6_cidr_blocks": [],
                "prefix_list_ids": [],
                "protocol": "tcp",
                "security_groups": [],
                "self": false,
                "to_port": 443
              }
            ],
            "name": "anbapp-vpce-sg",
            "name_prefix": "",
            "owner_id": "431998380302",
            "revoke_rules_on_delete": false,
            "tags": {
              "Project": "anbapp"
            },
            "tags_all": {
              "Project": "anbapp"
            },
            "timeouts": null,
            "vpc_id": "vpc-03bf52e26cf7da085"
          },
          "sensitive_attributes": [],
          "identity_schema_version": 0,
          "private": "eyJlMmJmYjczMC1lY2FhLTExZTYtOGY4OC0zNDM2M2JjN2M0YzAiOnsiY3JlYXRlIjo2MDAwMDAwMDAwMDAsImRlbGV0ZSI6OTAwMDAwMDAwMDAwfSwic2NoZW1hX3ZlcnNpb24iOiIxIn0=",
          "dependencies": [
            "aws_vpc.main"
          ]
        }
      ]
    },
    {
      "mode": "managed",
      "type": "aws_security_group",
      "name": "web",
      "provider": "provider[\"registry.terraform.io/hashicorp/aws\"]",
      "instances": [
        {
          "schema_version": 1,
          "attributes": {
            "arn": "arn:aws:ec2:us-east-1:431998380302:security-group/sg-0b0df10bd572d3df8",
            "description": "Allow HTTP/HTTPS from Internet; SSH from allowed CIDR",
            "egress": [
              {
                "cidr_blocks": [
                  "0.0.0.0/0"
                ],
                "description": "",
                "from_port": 0,
                "ipv6_cidr_blocks": [],
                "prefix_list_ids": [],
                "protocol": "-1",
                "security_groups": [],
                "self": false,
                "to_port": 0
              }
            ],
            "id": "sg-0b0df10bd572d3df8",
            "ingress": [],
            "name": "anbapp-web-sg",
            "name_prefix": "",
            "owner_id": "431998380302",
            "revoke_rules_on_delete": false,
            "tags": {
              "Env": "dev",
              "Name": "anbapp-web-sg",
              "Project": "anbapp"
            },
            "tags_all": {
              "Env": "dev",
              "Name": "anbapp-web-sg",
              "Project": "anbapp"
            },
            "timeouts": null,
            "vpc_id": "vpc-03bf52e26cf7da085"
          },
          "sensitive_attributes": [],
          "identity_schema_version": 0,
          "private": "eyJlMmJmYjczMC1lY2FhLTExZTYtOGY4OC0zNDM2M2JjN2M0YzAiOnsiY3JlYXRlIjo2MDAwMDAwMDAwMDAsImRlbGV0ZSI6OTAwMDAwMDAwMDAwfSwic2NoZW1hX3ZlcnNpb24iOiIxIn0=",
          "dependencies": [
            "aws_vpc.main"
          ],
          "create_before_destroy": true
        }
      ]
    },
    {
      "mode": "managed",
      "type": "aws_security_group",
      "name": "worker",
      "provider": "provider[\"registry.terraform.io/hashicorp/aws\"]",
      "instances": [
        {
          "schema_version": 1,
          "attributes": {
            "arn": "arn:aws:ec2:us-east-1:431998380302:security-group/sg-052c59bfeedc257ba",
            "description": "Worker in private subnet; SSH from admin IP (optional)",
            "egress": [
              {
                "cidr_blocks": [
                  "0.0.0.0/0"
                ],
                "description": "",
                "from_port": 0,
                "ipv6_cidr_blocks": [],
                "prefix_list_ids": [],
                "protocol": "-1",
                "security_groups": [],
                "self": false,
                "to_port": 0
              }
            ],
            "id": "sg-052c59bfeedc257ba",
            "ingress": [],
            "name": "anbapp-worker-sg",
            "name_prefix": "",
            "owner_id": "431998380302",
            "revoke_rules_on_delete": false,
            "tags": {
              "Env": "dev",
              "Name": "anbapp-worker-sg",
              "Project": "anbapp"
            },
            "tags_all": {
              "Env": "dev",
              "Name": "anbapp-worker-sg",
              "Project": "anbapp"
            },
            "timeouts": null,
            "vpc_id": "vpc-03bf52e26cf7da085"
          },
          "sensitive_attributes": [],
          "identity_schema_version": 0,
          "private": "eyJlMmJmYjczMC1lY2FhLTExZTYtOGY4OC0zNDM2M2JjN2M0YzAiOnsiY3JlYXRlIjo2MDAwMDAwMDAwMDAsImRlbGV0ZSI6OTAwMDAwMDAwMDAwfSwic2NoZW1hX3ZlcnNpb24iOiIxIn0=",
          "dependencies": [
            "aws_vpc.main"
          ]
        }
      ]
    },
    {
      "mode": "managed",
      "type": "aws_sqs_queue",
      "name": "video_processing",
      "provider": "provider[\"registry.terraform.io/hashicorp/aws\"]",
      "instances": [
        {
          "schema_version": 0,
          "attributes": {
            "arn": "arn:aws:sqs:us-east-1:431998380302:anbapp-video-processing",
            "content_based_deduplication": false,
            "deduplication_scope": "",
            "delay_seconds": 0,
            "fifo_queue": false,
            "fifo_throughput_limit": "",
            "id": "https://sqs.us-east-1.amazonaws.com/431998380302/anbapp-video-processing",
            "kms_data_key_reuse_period_seconds": 300,
            "kms_master_key_id": "",
            "max_message_size": 262144,
            "message_retention_seconds": 1209600,
            "name": "anbapp-video-processing",
            "name_prefix": "",
            "policy": "",
            "receive_wait_time_seconds": 10,
            "redrive_allow_policy": "",
            "redrive_policy": "",
            "sqs_managed_sse_enabled": true,
            "tags": {
              "Name": "anbapp-video-queue",
              "Project": "anbapp"
            },
            "tags_all": {
              "Name": "anbapp-video-queue",
              "Project": "anbapp"
            },
            "timeouts": null,
            "url": "https://sqs.us-east-1.amazonaws.com/431998380302/anbapp-video-processing",
            "visibility_timeout_seconds": 1800
          },
          "sensitive_attributes": [],
          "identity_schema_version": 0,
          "private": "eyJlMmJmYjczMC1lY2FhLTExZTYtOGY4OC0zNDM2M2JjN2M0YzAiOnsiY3JlYXRlIjoxODAwMDAwMDAwMDAsImRlbGV0ZSI6MTgwMDAwMDAwMDAwLCJ1cGRhdGUiOjE4MDAwMDAwMDAwMH19",
          "create_before_destroy": true
        }
      ]
    },
    {
      "mode": "managed",
      "type": "aws_sqs_queue",
      "name": "video_processing_dlq",
      "provider": "provider[\"registry.terraform.io/hashicorp/aws\"]",
      "instances": [
        {
          "schema_version": 0,
          "attributes": {
            "arn": "arn:aws:sqs:us-east-1:431998380302:anbapp-video-processing-dlq",
            "content_based_deduplication": false,
            "deduplication_scope": "",
            "delay_seconds": 0,
            "fifo_queue": false,
            "fifo_throughput_limit": "",
            "id": "https://sqs.us-east-1.amazonaws.com/431998380302/anbapp-video-processing-dlq",
            "kms_data_key_reuse_period_seconds": 300,
            "kms_master_key_id": "",
            "max_message_size": 262144,
            "message_retention_seconds": 1209600,
            "name": "anbapp-video-processing-dlq",
            "name_prefix": "",
            "policy": "",
            "receive_wait_time_seconds": 0,
            "redrive_allow_policy": "",
            "redrive_policy": "",
            "sqs_managed_sse_enabled": true,
            "tags": {
              "Name": "anbapp-video-dlq",
              "Project": "anbapp"
            },
            "tags_all": {
              "Name": "anbapp-video-dlq",
              "Project": "anbapp"
            },
            "timeouts": null,
            "url": "https://sqs.us-east-1.amazonaws.com/431998380302/anbapp-video-processing-dlq",
            "visibility_timeout_seconds": 30
          },
          "sensitive_attributes": [],
          "identity_schema_version": 0,
          "private": "eyJlMmJmYjczMC1lY2FhLTExZTYtOGY4OC0zNDM2M2JjN2M0YzAiOnsiY3JlYXRlIjoxODAwMDAwMDAwMDAsImRlbGV0ZSI6MTgwMDAwMDAwMDAwLCJ1cGRhdGUiOjE4MDAwMDAwMDAwMH19"
        }
      ]
    },
    {
      "mode": "managed",
      "type": "aws_sqs_queue_redrive_policy",
      "name": "video_processing",
      "provider": "provider[\"registry.terraform.io/hashicorp/aws\"]",
      "instances": [
        {
          "schema_version": 0,
          "attributes": {
            "id": "https://sqs.us-east-1.amazonaws.com/431998380302/anbapp-video-processing",
            "queue_url": "https://sqs.us-east-1.amazonaws.com/431998380302/anbapp-video-processing",
            "redrive_policy": "{\"deadLetterTargetArn\":\"arn:aws:sqs:us-east-1:431998380302:anbapp-video-processing-dlq\",\"maxReceiveCount\":3}"
          },
          "sensitive_attributes": [],
          "identity_schema_version": 0,
          "private": "bnVsbA==",
          "dependencies": [
            "aws_sqs_queue.video_processing",
            "aws_sqs_queue.video_processing_dlq"
          ]
        }
      ]
    },
    {
      "mode": "managed",
      "type": "aws_ssm_parameter",
      "name": "db_password",
      "provider": "provider[\"registry.terraform.io/hashicorp/aws\"]",
      "instances": [
        {
          "schema_version": 0,
          "attributes": {
            "allowed_pattern": "",
            "arn": "arn:aws:ssm:us-east-1:431998380302:parameter/anbapp/DB_PASSWORD",
            "data_type": "text",
            "description": "",
            "has_value_wo": null,
            "id": "/anbapp/DB_PASSWORD",
            "insecure_value": null,
            "key_id": "alias/aws/ssm",
            "name": "/anbapp/DB_PASSWORD",
            "overwrite": true,
            "tags": null,
            "tags_all": {},
            "tier": "Standard",
            "type": "SecureString",
            "value": "ANBapp2024!Secure",
            "value_wo": null,
            "value_wo_version": null,
            "version": 1
          },
          "sensitive_attributes": [
            [
              {
                "type": "get_attr",
                "value": "value"
              }
            ],
            [
              {
                "type": "get_attr",
                "value": "value_wo"
              }
            ]
          ],
          "identity_schema_version": 0,
          "private": "bnVsbA=="
        }
      ]
    },
    {
      "mode": "managed",
      "type": "aws_ssm_parameter",
      "name": "strings",
      "provider": "provider[\"registry.terraform.io/hashicorp/aws\"]",
      "instances": [
        {
          "index_key": "AWS_REGION",
          "schema_version": 0,
          "attributes": {
            "allowed_pattern": "",
            "arn": "arn:aws:ssm:us-east-1:431998380302:parameter/anbapp/AWS_REGION",
            "data_type": "text",
            "description": "",
            "has_value_wo": null,
            "id": "/anbapp/AWS_REGION",
            "insecure_value": null,
            "key_id": "",
            "name": "/anbapp/AWS_REGION",
            "overwrite": true,
            "tags": null,
            "tags_all": {},
            "tier": "Standard",
            "type": "String",
            "value": "us-east-1",
            "value_wo": null,
            "value_wo_version": null,
            "version": 1
          },
          "sensitive_attributes": [
            [
              {
                "type": "get_attr",
                "value": "value"
              }
            ],
            [
              {
                "type": "get_attr",
                "value": "value_wo"
              }
            ]
          ],
          "identity_schema_version": 0,
          "private": "bnVsbA==",
          "dependencies": [
            "aws_db_instance.main",
            "aws_db_parameter_group.pg",
            "aws_db_subnet_group.main",
            "aws_s3_bucket.storage",
            "aws_security_group.rds",
            "aws_subnet.private_a",
            "aws_subnet.private_b",
            "aws_vpc.main",
            "data.aws_availability_zones.available",
            "data.aws_caller_identity.current"
          ]
        },
        {
          "index_key": "DB_HOST",
          "schema_version": 0,
          "attributes": {
            "allowed_pattern": "",
            "arn": "arn:aws:ssm:us-east-1:431998380302:parameter/anbapp/DB_HOST",
            "data_type": "text",
            "description": "",
            "has_value_wo": null,
            "id": "/anbapp/DB_HOST",
            "insecure_value": null,
            "key_id": "",
            "name": "/anbapp/DB_HOST",
            "overwrite": true,
            "tags": null,
            "tags_all": {},
            "tier": "Standard",
            "type": "String",
            "value": "anbapp-db.cgcdoddvfv4j.us-east-1.rds.amazonaws.com",
            "value_wo": null,
            "value_wo_version": null,
            "version": 1
          },
          "sensitive_attributes": [
            [
              {
                "type": "get_attr",
                "value": "value"
              }
            ],
            [
              {
                "type": "get_attr",
                "value": "value_wo"
              }
            ]
          ],
          "identity_schema_version": 0,
          "private": "bnVsbA==",
          "dependencies": [
            "aws_db_instance.main",
            "aws_db_parameter_group.pg",
            "aws_db_subnet_group.main",
            "aws_s3_bucket.storage",
            "aws_security_group.rds",
            "aws_subnet.private_a",
            "aws_subnet.private_b",
            "aws_vpc.main",
            "data.aws_availability_zones.available",
            "data.aws_caller_identity.current"
          ]
        },
        {
          "index_key": "DB_NAME",
          "schema_version": 0,
          "attributes": {
            "allowed_pattern": "",
            "arn": "arn:aws:ssm:us-east-1:431998380302:parameter/anbapp/DB_NAME",
            "data_type": "text",
            "description": "",
            "has_value_wo": null,
            "id": "/anbapp/DB_NAME",
            "insecure_value": null,
            "key_id": "",
            "name": "/anbapp/DB_NAME",
            "overwrite": true,
            "tags": null,
            "tags_all": {},
            "tier": "Standard",
            "type": "String",
            "value": "anbapp",
            "value_wo": null,
            "value_wo_version": null,
            "version": 1
          },
          "sensitive_attributes": [
            [
              {
                "type": "get_attr",
                "value": "value"
              }
            ],
            [
              {
                "type": "get_attr",
                "value": "value_wo"
              }
            ]
          ],
          "identity_schema_version": 0,
          "private": "bnVsbA==",
          "dependencies": [
            "aws_db_instance.main",
            "aws_db_parameter_group.pg",
            "aws_db_subnet_group.main",
            "aws_s3_bucket.storage",
            "aws_security_group.rds",
            "aws_subnet.private_a",
            "aws_subnet.private_b",
            "aws_vpc.main",
            "data.aws_availability_zones.available",
            "data.aws_caller_identity.current"
          ]
        },
        {
          "index_key": "DB_PORT",
          "schema_version": 0,
          "attributes": {
            "allowed_pattern": "",
            "arn": "arn:aws:ssm:us-east-1:431998380302:parameter/anbapp/DB_PORT",
            "data_type": "text",
            "description": "",
            "has_value_wo": null,
            "id": "/anbapp/DB_PORT",
            "insecure_value": null,
            "key_id": "",
            "name": "/anbapp/DB_PORT",
            "overwrite": true,
            "tags": null,
            "tags_all": {},
            "tier": "Standard",
            "type": "String",
            "value": "5432",
            "value_wo": null,
            "value_wo_version": null,
            "version": 1
          },
          "sensitive_attributes": [
            [
              {
                "type": "get_attr",
                "value": "value"
              }
            ],
            [
              {
                "type": "get_attr",
                "value": "value_wo"
              }
            ]
          ],
          "identity_schema_version": 0,
          "private": "bnVsbA==",
          "dependencies": [
            "aws_db_instance.main",
            "aws_db_parameter_group.pg",
            "aws_db_subnet_group.main",
            "aws_s3_bucket.storage",
            "aws_security_group.rds",
            "aws_subnet.private_a",
            "aws_subnet.private_b",
            "aws_vpc.main",
            "data.aws_availability_zones.available",
            "data.aws_caller_identity.current"
          ]
        },
        {
          "index_key": "DB_SSLMODE",
          "schema_version": 0,
          "attributes": {
            "allowed_pattern": "",
            "arn": "arn:aws:ssm:us-east-1:431998380302:parameter/anbapp/DB_SSLMODE",
            "data_type": "text",
            "description": "",
            "has_value_wo": null,
            "id": "/anbapp/DB_SSLMODE",
            "insecure_value": null,
            "key_id": "",
            "name": "/anbapp/DB_SSLMODE",
            "overwrite": true,
            "tags": null,
            "tags_all": {},
            "tier": "Standard",
            "type": "String",
            "value": "require",
            "value_wo": null,
            "value_wo_version": null,
            "version": 1
          },
          "sensitive_attributes": [
            [
              {
                "type": "get_attr",
                "value": "value"
              }
            ],
            [
              {
                "type": "get_attr",
                "value": "value_wo"
              }
            ]
          ],
          "identity_schema_version": 0,
          "private": "bnVsbA==",
          "dependencies": [
            "aws_db_instance.main",
            "aws_db_parameter_group.pg",
            "aws_db_subnet_group.main",
            "aws_s3_bucket.storage",
            "aws_security_group.rds",
            "aws_subnet.private_a",
            "aws_subnet.private_b",
            "aws_vpc.main",
            "data.aws_availability_zones.available",
            "data.aws_caller_identity.current"
          ]
        },
        {
          "index_key": "DB_USER",
          "schema_version": 0,
          "attributes": {
            "allowed_pattern": "",
            "arn": "arn:aws:ssm:us-east-1:431998380302:parameter/anbapp/DB_USER",
            "data_type": "text",
            "description": "",
            "has_value_wo": null,
            "id": "/anbapp/DB_USER",
            "insecure_value": null,
            "key_id": "",
            "name": "/anbapp/DB_USER",
            "overwrite": true,
            "tags": null,
            "tags_all": {},
            "tier": "Standard",
            "type": "String",
            "value": "anbuser",
            "value_wo": null,
            "value_wo_version": null,
            "version": 1
          },
          "sensitive_attributes": [
            [
              {
                "type": "get_attr",
                "value": "value"
              }
            ],
            [
              {
                "type": "get_attr",
                "value": "value_wo"
              }
            ]
          ],
          "identity_schema_version": 0,
          "private": "bnVsbA==",
          "dependencies": [
            "aws_db_instance.main",
            "aws_db_parameter_group.pg",
            "aws_db_subnet_group.main",
            "aws_s3_bucket.storage",
            "aws_security_group.rds",
            "aws_subnet.private_a",
            "aws_subnet.private_b",
            "aws_vpc.main",
            "data.aws_availability_zones.available",
            "data.aws_caller_identity.current"
          ]
        },
        {
          "index_key": "JWT_SECRET",
          "schema_version": 0,
          "attributes": {
            "allowed_pattern": "",
            "arn": "arn:aws:ssm:us-east-1:431998380302:parameter/anbapp/JWT_SECRET",
            "data_type": "text",
            "description": "",
            "has_value_wo": null,
            "id": "/anbapp/JWT_SECRET",
            "insecure_value": null,
            "key_id": "",
            "name": "/anbapp/JWT_SECRET",
            "overwrite": true,
            "tags": null,
            "tags_all": {},
            "tier": "Standard",
            "type": "String",
            "value": "anb-jwt-secret-super-seguro-2024-academy-min-32-chars",
            "value_wo": null,
            "value_wo_version": null,
            "version": 1
          },
          "sensitive_attributes": [
            [
              {
                "type": "get_attr",
                "value": "value"
              }
            ],
            [
              {
                "type": "get_attr",
                "value": "value_wo"
              }
            ]
          ],
          "identity_schema_version": 0,
          "private": "bnVsbA==",
          "dependencies": [
            "aws_db_instance.main",
            "aws_db_parameter_group.pg",
            "aws_db_subnet_group.main",
            "aws_s3_bucket.storage",
            "aws_security_group.rds",
            "aws_subnet.private_a",
            "aws_subnet.private_b",
            "aws_vpc.main",
            "data.aws_availability_zones.available",
            "data.aws_caller_identity.current"
          ]
        },
        {
          "index_key": "REDIS_ADDR",
          "schema_version": 0,
          "attributes": {
            "allowed_pattern": "",
            "arn": "arn:aws:ssm:us-east-1:431998380302:parameter/anbapp/REDIS_ADDR",
            "data_type": "text",
            "description": "",
            "has_value_wo": null,
            "id": "/anbapp/REDIS_ADDR",
            "insecure_value": null,
            "key_id": "",
            "name": "/anbapp/REDIS_ADDR",
            "overwrite": true,
            "tags": null,
            "tags_all": {},
            "tier": "Standard",
            "type": "String",
            "value": "anbapp-redis:6379",
            "value_wo": null,
            "value_wo_version": null,
            "version": 1
          },
          "sensitive_attributes": [
            [
              {
                "type": "get_attr",
                "value": "value"
              }
            ],
            [
              {
                "type": "get_attr",
                "value": "value_wo"
              }
            ]
          ],
          "identity_schema_version": 0,
          "private": "bnVsbA==",
          "dependencies": [
            "aws_db_instance.main",
            "aws_db_parameter_group.pg",
            "aws_db_subnet_group.main",
            "aws_s3_bucket.storage",
            "aws_security_group.rds",
            "aws_subnet.private_a",
            "aws_subnet.private_b",
            "aws_vpc.main",
            "data.aws_availability_zones.available",
            "data.aws_caller_identity.current"
          ]
        },
        {
          "index_key": "REDIS_PORT",
          "schema_version": 0,
          "attributes": {
            "allowed_pattern": "",
            "arn": "arn:aws:ssm:us-east-1:431998380302:parameter/anbapp/REDIS_PORT",
            "data_type": "text",
            "description": "",
            "has_value_wo": null,
            "id": "/anbapp/REDIS_PORT",
            "insecure_value": null,
            "key_id": "",
            "name": "/anbapp/REDIS_PORT",
            "overwrite": true,
            "tags": null,
            "tags_all": {},
            "tier": "Standard",
            "type": "String",
            "value": "6379",
            "value_wo": null,
            "value_wo_version": null,
            "version": 1
          },
          "sensitive_attributes": [
            [
              {
                "type": "get_attr",
                "value": "value"
              }
            ],
            [
              {
                "type": "get_attr",
                "value": "value_wo"
              }
            ]
          ],
          "identity_schema_version": 0,
          "private": "bnVsbA==",
          "dependencies": [
            "aws_db_instance.main",
            "aws_db_parameter_group.pg",
            "aws_db_subnet_group.main",
            "aws_s3_bucket.storage",
            "aws_security_group.rds",
            "aws_subnet.private_a",
            "aws_subnet.private_b",
            "aws_vpc.main",
            "data.aws_availability_zones.available",
            "data.aws_caller_identity.current"
          ]
        },
        {
          "index_key": "S3_BUCKET_NAME",
          "schema_version": 0,
          "attributes": {
            "allowed_pattern": "",
            "arn": "arn:aws:ssm:us-east-1:431998380302:parameter/anbapp/S3_BUCKET_NAME",
            "data_type": "text",
            "description": "",
            "has_value_wo": null,
            "id": "/anbapp/S3_BUCKET_NAME",
            "insecure_value": null,
            "key_id": "",
            "name": "/anbapp/S3_BUCKET_NAME",
            "overwrite": true,
            "tags": null,
            "tags_all": {},
            "tier": "Standard",
            "type": "String",
            "value": "anbapp-video-storage431998380302",
            "value_wo": null,
            "value_wo_version": null,
            "version": 1
          },
          "sensitive_attributes": [
            [
              {
                "type": "get_attr",
                "value": "value"
              }
            ],
            [
              {
                "type": "get_attr",
                "value": "value_wo"
              }
            ]
          ],
          "identity_schema_version": 0,
          "private": "bnVsbA==",
          "dependencies": [
            "aws_db_instance.main",
            "aws_db_parameter_group.pg",
            "aws_db_subnet_group.main",
            "aws_s3_bucket.storage",
            "aws_security_group.rds",
            "aws_subnet.private_a",
            "aws_subnet.private_b",
            "aws_vpc.main",
            "data.aws_availability_zones.available",
            "data.aws_caller_identity.current"
          ]
        },
        {
          "index_key": "STORAGE_MODE",
          "schema_version": 0,
          "attributes": {
            "allowed_pattern": "",
            "arn": "arn:aws:ssm:us-east-1:431998380302:parameter/anbapp/STORAGE_MODE",
            "data_type": "text",
            "description": "",
            "has_value_wo": null,
            "id": "/anbapp/STORAGE_MODE",
            "insecure_value": null,
            "key_id": "",
            "name": "/anbapp/STORAGE_MODE",
            "overwrite": true,
            "tags": null,
            "tags_all": {},
            "tier": "Standard",
            "type": "String",
            "value": "s3",
            "value_wo": null,
            "value_wo_version": null,
            "version": 1
          },
          "sensitive_attributes": [
            [
              {
                "type": "get_attr",
                "value": "value"
              }
            ],
            [
              {
                "type": "get_attr",
                "value": "value_wo"
              }
            ]
          ],
          "identity_schema_version": 0,
          "private": "bnVsbA==",
          "dependencies": [
            "aws_db_instance.main",
            "aws_db_parameter_group.pg",
            "aws_db_subnet_group.main",
            "aws_s3_bucket.storage",
            "aws_security_group.rds",
            "aws_subnet.private_a",
            "aws_subnet.private_b",
            "aws_vpc.main",
            "data.aws_availability_zones.available",
            "data.aws_caller_identity.current"
          ]
        }
      ]
    },
    {
      "mode": "managed",
      "type": "aws_subnet",
      "name": "private_a",
      "provider": "provider[\"registry.terraform.io/hashicorp/aws\"]",
      "instances": [
        {
          "schema_version": 1,
          "attributes": {
            "arn": "arn:aws:ec2:us-east-1:431998380302:subnet/subnet-0dea0c7949de52903",
            "assign_ipv6_address_on_creation": false,
            "availability_zone": "us-east-1a",
            "availability_zone_id": "use1-az4",
            "cidr_block": "10.0.2.0/24",
            "customer_owned_ipv4_pool": "",
            "enable_dns64": false,
            "enable_lni_at_device_index": 0,
            "enable_resource_name_dns_a_record_on_launch": false,
            "enable_resource_name_dns_aaaa_record_on_launch": false,
            "id": "subnet-0dea0c7949de52903",
            "ipv6_cidr_block": "",
            "ipv6_cidr_block_association_id": "",
            "ipv6_native": false,
            "map_customer_owned_ip_on_launch": false,
            "map_public_ip_on_launch": false,
            "outpost_arn": "",
            "owner_id": "431998380302",
            "private_dns_hostname_type_on_launch": "ip-name",
            "tags": {
              "Env": "dev",
              "Name": "anbapp-private-a-us-east-1a",
              "Project": "anbapp",
              "Tier": "private"
            },
            "tags_all": {
              "Env": "dev",
              "Name": "anbapp-private-a-us-east-1a",
              "Project": "anbapp",
              "Tier": "private"
            },
            "timeouts": null,
            "vpc_id": "vpc-03bf52e26cf7da085"
          },
          "sensitive_attributes": [],
          "identity_schema_version": 0,
          "private": "eyJlMmJmYjczMC1lY2FhLTExZTYtOGY4OC0zNDM2M2JjN2M0YzAiOnsiY3JlYXRlIjo2MDAwMDAwMDAwMDAsImRlbGV0ZSI6MTIwMDAwMDAwMDAwMH0sInNjaGVtYV92ZXJzaW9uIjoiMSJ9",
          "dependencies": [
            "aws_vpc.main",
            "data.aws_availability_zones.available"
          ],
          "create_before_destroy": true
        }
      ]
    },
    {
      "mode": "managed",
      "type": "aws_subnet",
      "name": "private_b",
      "provider": "provider[\"registry.terraform.io/hashicorp/aws\"]",
      "instances": [
        {
          "schema_version": 1,
          "attributes": {
            "arn": "arn:aws:ec2:us-east-1:431998380302:subnet/subnet-0d377534ff00d4f23",
            "assign_ipv6_address_on_creation": false,
            "availability_zone": "us-east-1b",
            "availability_zone_id": "use1-az6",
            "cidr_block": "10.0.3.0/24",
            "customer_owned_ipv4_pool": "",
            "enable_dns64": false,
            "enable_lni_at_device_index": 0,
            "enable_resource_name_dns_a_record_on_launch": false,
            "enable_resource_name_dns_aaaa_record_on_launch": false,
            "id": "subnet-0d377534ff00d4f23",
            "ipv6_cidr_block": "",
            "ipv6_cidr_block_association_id": "",
            "ipv6_native": false,
            "map_customer_owned_ip_on_launch": false,
            "map_public_ip_on_launch": false,
            "outpost_arn": "",
            "owner_id": "431998380302",
            "private_dns_hostname_type_on_launch": "ip-name",
            "tags": {
              "Env": "dev",
              "Name": "anbapp-private-b-us-east-1b",
              "Project": "anbapp",
              "Tier": "private"
            },
            "tags_all": {
              "Env": "dev",
              "Name": "anbapp-private-b-us-east-1b",
              "Project": "anbapp",
              "Tier": "private"
            },
            "timeouts": null,
            "vpc_id": "vpc-03bf52e26cf7da085"
          },
          "sensitive_attributes": [],
          "identity_schema_version": 0,
          "private": "eyJlMmJmYjczMC1lY2FhLTExZTYtOGY4OC0zNDM2M2JjN2M0YzAiOnsiY3JlYXRlIjo2MDAwMDAwMDAwMDAsImRlbGV0ZSI6MTIwMDAwMDAwMDAwMH0sInNjaGVtYV92ZXJzaW9uIjoiMSJ9",
          "dependencies": [
            "aws_vpc.main",
            "data.aws_availability_zones.available"
          ],
          "create_before_destroy": true
        }
      ]
    },
    {
      "mode": "managed",
      "type": "aws_subnet",
      "name": "public",
      "provider": "provider[\"registry.terraform.io/hashicorp/aws\"]",
      "instances": [
        {
          "schema_version": 1,
          "attributes": {
            "arn": "arn:aws:ec2:us-east-1:431998380302:subnet/subnet-046dce458cd627fe4",
            "assign_ipv6_address_on_creation": false,
            "availability_zone": "us-east-1a",
            "availability_zone_id": "use1-az4",
            "cidr_block": "10.0.1.0/24",
            "customer_owned_ipv4_pool": "",
            "enable_dns64": false,
            "enable_lni_at_device_index": 0,
            "enable_resource_name_dns_a_record_on_launch": false,
            "enable_resource_name_dns_aaaa_record_on_launch": false,
            "id": "subnet-046dce458cd627fe4",
            "ipv6_cidr_block": "",
            "ipv6_cidr_block_association_id": "",
            "ipv6_native": false,
            "map_customer_owned_ip_on_launch": false,
            "map_public_ip_on_launch": true,
            "outpost_arn": "",
            "owner_id": "431998380302",
            "private_dns_hostname_type_on_launch": "ip-name",
            "tags": {
              "Env": "dev",
              "Name": "anbapp-public-us-east-1a",
              "Project": "anbapp",
              "Tier": "public"
            },
            "tags_all": {
              "Env": "dev",
              "Name": "anbapp-public-us-east-1a",
              "Project": "anbapp",
              "Tier": "public"
            },
            "timeouts": null,
            "vpc_id": "vpc-03bf52e26cf7da085"
          },
          "sensitive_attributes": [],
          "identity_schema_version": 0,
          "private": "eyJlMmJmYjczMC1lY2FhLTExZTYtOGY4OC0zNDM2M2JjN2M0YzAiOnsiY3JlYXRlIjo2MDAwMDAwMDAwMDAsImRlbGV0ZSI6MTIwMDAwMDAwMDAwMH0sInNjaGVtYV92ZXJzaW9uIjoiMSJ9",
          "dependencies": [
            "aws_vpc.main",
            "data.aws_availability_zones.available"
          ],
          "create_before_destroy": true
        }
      ]
    },
    {
      "mode": "managed",
      "type": "aws_subnet",
      "name": "public_b",
      "provider": "provider[\"registry.terraform.io/hashicorp/aws\"]",
      "instances": [
        {
          "schema_version": 1,
          "attributes": {
            "arn": "arn:aws:ec2:us-east-1:431998380302:subnet/subnet-07dd9fb451c18b2b7",
            "assign_ipv6_address_on_creation": false,
            "availability_zone": "us-east-1b",
            "availability_zone_id": "use1-az6",
            "cidr_block": "10.0.4.0/24",
            "customer_owned_ipv4_pool": "",
            "enable_dns64": false,
            "enable_lni_at_device_index": 0,
            "enable_resource_name_dns_a_record_on_launch": false,
            "enable_resource_name_dns_aaaa_record_on_launch": false,
            "id": "subnet-07dd9fb451c18b2b7",
            "ipv6_cidr_block": "",
            "ipv6_cidr_block_association_id": "",
            "ipv6_native": false,
            "map_customer_owned_ip_on_launch": false,
            "map_public_ip_on_launch": true,
            "outpost_arn": "",
            "owner_id": "431998380302",
            "private_dns_hostname_type_on_launch": "ip-name",
            "tags": {
              "Env": "dev",
              "Name": "anbapp-public-us-east-1b",
              "Project": "anbapp",
              "Tier": "public"
            },
            "tags_all": {
              "Env": "dev",
              "Name": "anbapp-public-us-east-1b",
              "Project": "anbapp",
              "Tier": "public"
            },
            "timeouts": null,
            "vpc_id": "vpc-03bf52e26cf7da085"
          },
          "sensitive_attributes": [],
          "identity_schema_version": 0,
          "private": "eyJlMmJmYjczMC1lY2FhLTExZTYtOGY4OC0zNDM2M2JjN2M0YzAiOnsiY3JlYXRlIjo2MDAwMDAwMDAwMDAsImRlbGV0ZSI6MTIwMDAwMDAwMDAwMH0sInNjaGVtYV92ZXJzaW9uIjoiMSJ9",
          "dependencies": [
            "aws_vpc.main",
            "data.aws_availability_zones.available"
          ],
          "create_before_destroy": true
        }
      ]
    },
    {
      "mode": "managed",
      "type": "aws_vpc",
      "name": "main",
      "provider": "provider[\"registry.terraform.io/hashicorp/aws\"]",
      "instances": [
        {
          "schema_version": 1,
          "attributes": {
            "arn": "arn:aws:ec2:us-east-1:431998380302:vpc/vpc-03bf52e26cf7da085",
            "assign_generated_ipv6_cidr_block": false,
            "cidr_block": "10.0.0.0/16",
            "default_network_acl_id": "acl-0a9ed8fe2b6042051",
            "default_route_table_id": "rtb-09d88ac5ee13c0a99",
            "default_security_group_id": "sg-001c9d0a9a6df6650",
            "dhcp_options_id": "dopt-0d9298aa6a201f1b7",
            "enable_dns_hostnames": true,
            "enable_dns_support": true,
            "enable_network_address_usage_metrics": false,
            "id": "vpc-03bf52e26cf7da085",
            "instance_tenancy": "default",
            "ipv4_ipam_pool_id": null,
            "ipv4_netmask_length": null,
            "ipv6_association_id": "",
            "ipv6_cidr_block": "",
            "ipv6_cidr_block_network_border_group": "",
            "ipv6_ipam_pool_id": "",
            "ipv6_netmask_length": 0,
            "main_route_table_id": "rtb-09d88ac5ee13c0a99",
            "owner_id": "431998380302",
            "tags": {
              "Env": "dev",
              "Name": "anbapp-vpc",
              "Project": "anbapp"
            },
            "tags_all": {
              "Env": "dev",
              "Name": "anbapp-vpc",
              "Project": "anbapp"
            }
          },
          "sensitive_attributes": [],
          "identity_schema_version": 0,
          "private": "eyJzY2hlbWFfdmVyc2lvbiI6IjEifQ==",
          "create_before_destroy": true
        }
      ]
    },
    {
      "mode": "managed",
      "type": "aws_vpc_endpoint",
      "name": "ec2messages",
      "provider": "provider[\"registry.terraform.io/hashicorp/aws\"]",
      "instances": [
        {
          "schema_version": 0,
          "attributes": {
            "arn": "arn:aws:ec2:us-east-1:431998380302:vpc-endpoint/vpce-0d46fd1688e421414",
            "auto_accept": null,
            "cidr_blocks": [],
            "dns_entry": [
              {
                "dns_name": "vpce-0d46fd1688e421414-qtrevoxn.ec2messages.us-east-1.vpce.amazonaws.com",
                "hosted_zone_id": "Z7HUB22UULQXV"
              },
              {
                "dns_name": "vpce-0d46fd1688e421414-qtrevoxn-us-east-1a.ec2messages.us-east-1.vpce.amazonaws.com",
                "hosted_zone_id": "Z7HUB22UULQXV"
              },
              {
                "dns_name": "vpce-0d46fd1688e421414-qtrevoxn-us-east-1b.ec2messages.us-east-1.vpce.amazonaws.com",
                "hosted_zone_id": "Z7HUB22UULQXV"
              },
              {
                "dns_name": "ec2messages.us-east-1.amazonaws.com",
                "hosted_zone_id": "Z00043402PJA8EI5FPWQJ"
              }
            ],
            "dns_options": [
              {
                "dns_record_ip_type": "ipv4",
                "private_dns_only_for_inbound_resolver_endpoint": false
              }
            ],
            "id": "vpce-0d46fd1688e421414",
            "ip_address_type": "ipv4",
            "network_interface_ids": [
              "eni-08e419360a6e6b6c2",
              "eni-0f805025758998ba8"
            ],
            "owner_id": "431998380302",
            "policy": "{\"Statement\":[{\"Action\":\"*\",\"Effect\":\"Allow\",\"Principal\":\"*\",\"Resource\":\"*\"}]}",
            "prefix_list_id": null,
            "private_dns_enabled": true,
            "requester_managed": false,
            "resource_configuration_arn": "",
            "route_table_ids": [],
            "security_group_ids": [
              "sg-038be578ce661f8b4"
            ],
            "service_name": "com.amazonaws.us-east-1.ec2messages",
            "service_network_arn": "",
            "service_region": "us-east-1",
            "state": "available",
            "subnet_configuration": [
              {
                "ipv4": "10.0.2.112",
                "ipv6": "",
                "subnet_id": "subnet-0dea0c7949de52903"
              },
              {
                "ipv4": "10.0.3.40",
                "ipv6": "",
                "subnet_id": "subnet-0d377534ff00d4f23"
              }
            ],
            "subnet_ids": [
              "subnet-0d377534ff00d4f23",
              "subnet-0dea0c7949de52903"
            ],
            "tags": {
              "Project": "anbapp"
            },
            "tags_all": {
              "Project": "anbapp"
            },
            "timeouts": null,
            "vpc_endpoint_type": "Interface",
            "vpc_id": "vpc-03bf52e26cf7da085"
          },
          "sensitive_attributes": [],
          "identity_schema_version": 0,
          "private": "eyJlMmJmYjczMC1lY2FhLTExZTYtOGY4OC0zNDM2M2JjN2M0YzAiOnsiY3JlYXRlIjo2MDAwMDAwMDAwMDAsImRlbGV0ZSI6NjAwMDAwMDAwMDAwLCJ1cGRhdGUiOjYwMDAwMDAwMDAwMH19",
          "dependencies": [
            "aws_security_group.vpce",
            "aws_subnet.private_a",
            "aws_subnet.private_b",
            "aws_vpc.main",
            "data.aws_availability_zones.available"
          ]
        }
      ]
    },
    {
      "mode": "managed",
      "type": "aws_vpc_endpoint",
      "name": "kms",
      "provider": "provider[\"registry.terraform.io/hashicorp/aws\"]",
      "instances": [
        {
          "schema_version": 0,
          "attributes": {
            "arn": "arn:aws:ec2:us-east-1:431998380302:vpc-endpoint/vpce-0486c491b21cd2eff",
            "auto_accept": null,
            "cidr_blocks": [],
            "dns_entry": [
              {
                "dns_name": "vpce-0486c491b21cd2eff-730pbsa1.kms.us-east-1.vpce.amazonaws.com",
                "hosted_zone_id": "Z7HUB22UULQXV"
              },
              {
                "dns_name": "vpce-0486c491b21cd2eff-730pbsa1-us-east-1a.kms.us-east-1.vpce.amazonaws.com",
                "hosted_zone_id": "Z7HUB22UULQXV"
              },
              {
                "dns_name": "vpce-0486c491b21cd2eff-730pbsa1-us-east-1b.kms.us-east-1.vpce.amazonaws.com",
                "hosted_zone_id": "Z7HUB22UULQXV"
              },
              {
                "dns_name": "kms.us-east-1.amazonaws.com",
                "hosted_zone_id": "Z00043452JL73SLV5VZF7"
              },
              {
                "dns_name": "kms.us-east-1.api.aws",
                "hosted_zone_id": "Z08103431OJITLOWQ4O6A"
              }
            ],
            "dns_options": [
              {
                "dns_record_ip_type": "ipv4",
                "private_dns_only_for_inbound_resolver_endpoint": false
              }
            ],
            "id": "vpce-0486c491b21cd2eff",
            "ip_address_type": "ipv4",
            "network_interface_ids": [
              "eni-0b8f3979a1847cf30",
              "eni-0ecee77e669cacfda"
            ],
            "owner_id": "431998380302",
            "policy": "{\"Statement\":[{\"Action\":\"*\",\"Effect\":\"Allow\",\"Principal\":\"*\",\"Resource\":\"*\"}]}",
            "prefix_list_id": null,
            "private_dns_enabled": true,
            "requester_managed": false,
            "resource_configuration_arn": "",
            "route_table_ids": [],
            "security_group_ids": [
              "sg-038be578ce661f8b4"
            ],
            "service_name": "com.amazonaws.us-east-1.kms",
            "service_network_arn": "",
            "service_region": "us-east-1",
            "state": "available",
            "subnet_configuration": [
              {
                "ipv4": "10.0.2.116",
                "ipv6": "",
                "subnet_id": "subnet-0dea0c7949de52903"
              },
              {
                "ipv4": "10.0.3.182",
                "ipv6": "",
                "subnet_id": "subnet-0d377534ff00d4f23"
              }
            ],
            "subnet_ids": [
              "subnet-0d377534ff00d4f23",
              "subnet-0dea0c7949de52903"
            ],
            "tags": {
              "Project": "anbapp"
            },
            "tags_all": {
              "Project": "anbapp"
            },
            "timeouts": null,
            "vpc_endpoint_type": "Interface",
            "vpc_id": "vpc-03bf52e26cf7da085"
          },
          "sensitive_attributes": [],
          "identity_schema_version": 0,
          "private": "eyJlMmJmYjczMC1lY2FhLTExZTYtOGY4OC0zNDM2M2JjN2M0YzAiOnsiY3JlYXRlIjo2MDAwMDAwMDAwMDAsImRlbGV0ZSI6NjAwMDAwMDAwMDAwLCJ1cGRhdGUiOjYwMDAwMDAwMDAwMH19",
          "dependencies": [
            "aws_security_group.vpce",
            "aws_subnet.private_a",
            "aws_subnet.private_b",
            "aws_vpc.main",
            "data.aws_availability_zones.available"
          ]
        }
      ]
    },
    {
      "mode": "managed",
      "type": "aws_vpc_endpoint",
      "name": "ssm",
      "provider": "provider[\"registry.terraform.io/hashicorp/aws\"]",
      "instances": [
        {
          "schema_version": 0,
          "attributes": {
            "arn": "arn:aws:ec2:us-east-1:431998380302:vpc-endpoint/vpce-0b238067767136862",
            "auto_accept": null,
            "cidr_blocks": [],
            "dns_entry": [
              {
                "dns_name": "vpce-0b238067767136862-4ojefacu.ssm.us-east-1.vpce.amazonaws.com",
                "hosted_zone_id": "Z7HUB22UULQXV"
              },
              {
                "dns_name": "vpce-0b238067767136862-4ojefacu-us-east-1b.ssm.us-east-1.vpce.amazonaws.com",
                "hosted_zone_id": "Z7HUB22UULQXV"
              },
              {
                "dns_name": "vpce-0b238067767136862-4ojefacu-us-east-1a.ssm.us-east-1.vpce.amazonaws.com",
                "hosted_zone_id": "Z7HUB22UULQXV"
              },
              {
                "dns_name": "ssm.us-east-1.amazonaws.com",
                "hosted_zone_id": "Z10018533TDJKVHD8K9AB"
              },
              {
                "dns_name": "ssm.us-east-1.api.aws",
                "hosted_zone_id": "Z08053441ZL4XU0VVQ0G8"
              }
            ],
            "dns_options": [
              {
                "dns_record_ip_type": "ipv4",
                "private_dns_only_for_inbound_resolver_endpoint": false
              }
            ],
            "id": "vpce-0b238067767136862",
            "ip_address_type": "ipv4",
            "network_interface_ids": [
              "eni-0902b93923562439a",
              "eni-0cb2cac444a957838"
            ],
            "owner_id": "431998380302",
            "policy": "{\"Statement\":[{\"Action\":\"*\",\"Effect\":\"Allow\",\"Principal\":\"*\",\"Resource\":\"*\"}]}",
            "prefix_list_id": null,
            "private_dns_enabled": true,
            "requester_managed": false,
            "resource_configuration_arn": "",
            "route_table_ids": [],
            "security_group_ids": [
              "sg-038be578ce661f8b4"
            ],
            "service_name": "com.amazonaws.us-east-1.ssm",
            "service_network_arn": "",
            "service_region": "us-east-1",
            "state": "available",
            "subnet_configuration": [
              {
                "ipv4": "10.0.2.94",
                "ipv6": "",
                "subnet_id": "subnet-0dea0c7949de52903"
              },
              {
                "ipv4": "10.0.3.29",
                "ipv6": "",
                "subnet_id": "subnet-0d377534ff00d4f23"
              }
            ],
            "subnet_ids": [
              "subnet-0d377534ff00d4f23",
              "subnet-0dea0c7949de52903"
            ],
            "tags": {
              "Project": "anbapp"
            },
            "tags_all": {
              "Project": "anbapp"
            },
            "timeouts": null,
            "vpc_endpoint_type": "Interface",
            "vpc_id": "vpc-03bf52e26cf7da085"
          },
          "sensitive_attributes": [],
          "identity_schema_version": 0,
          "private": "eyJlMmJmYjczMC1lY2FhLTExZTYtOGY4OC0zNDM2M2JjN2M0YzAiOnsiY3JlYXRlIjo2MDAwMDAwMDAwMDAsImRlbGV0ZSI6NjAwMDAwMDAwMDAwLCJ1cGRhdGUiOjYwMDAwMDAwMDAwMH19",
          "dependencies": [
            "aws_security_group.vpce",
            "aws_subnet.private_a",
            "aws_subnet.private_b",
            "aws_vpc.main",
            "data.aws_availability_zones.available"
          ]
        }
      ]
    },
    {
      "mode": "managed",
      "type": "aws_vpc_endpoint",
      "name": "ssmmessages",
      "provider": "provider[\"registry.terraform.io/hashicorp/aws\"]",
      "instances": [
        {
          "schema_version": 0,
          "attributes": {
            "arn": "arn:aws:ec2:us-east-1:431998380302:vpc-endpoint/vpce-0bf06cbfffdb87e2b",
            "auto_accept": null,
            "cidr_blocks": [],
            "dns_entry": [
              {
                "dns_name": "vpce-0bf06cbfffdb87e2b-9utrhb73.ssmmessages.us-east-1.vpce.amazonaws.com",
                "hosted_zone_id": "Z7HUB22UULQXV"
              },
              {
                "dns_name": "vpce-0bf06cbfffdb87e2b-9utrhb73-us-east-1a.ssmmessages.us-east-1.vpce.amazonaws.com",
                "hosted_zone_id": "Z7HUB22UULQXV"
              },
              {
                "dns_name": "vpce-0bf06cbfffdb87e2b-9utrhb73-us-east-1b.ssmmessages.us-east-1.vpce.amazonaws.com",
                "hosted_zone_id": "Z7HUB22UULQXV"
              },
              {
                "dns_name": "ssmmessages.us-east-1.amazonaws.com",
                "hosted_zone_id": "Z08034392GKW9RMJ03RVD"
              },
              {
                "dns_name": "ssmmessages.us-east-1.api.aws",
                "hosted_zone_id": "Z08034261066P85LANWZ9"
              }
            ],
            "dns_options": [
              {
                "dns_record_ip_type": "ipv4",
                "private_dns_only_for_inbound_resolver_endpoint": false
              }
            ],
            "id": "vpce-0bf06cbfffdb87e2b",
            "ip_address_type": "ipv4",
            "network_interface_ids": [
              "eni-04780cff2f571d5d0",
              "eni-0d764cbcb82d60a96"
            ],
            "owner_id": "431998380302",
            "policy": "{\"Statement\":[{\"Action\":\"*\",\"Effect\":\"Allow\",\"Principal\":\"*\",\"Resource\":\"*\"}]}",
            "prefix_list_id": null,
            "private_dns_enabled": true,
            "requester_managed": false,
            "resource_configuration_arn": "",
            "route_table_ids": [],
            "security_group_ids": [
              "sg-038be578ce661f8b4"
            ],
            "service_name": "com.amazonaws.us-east-1.ssmmessages",
            "service_network_arn": "",
            "service_region": "us-east-1",
            "state": "available",
            "subnet_configuration": [
              {
                "ipv4": "10.0.2.206",
                "ipv6": "",
                "subnet_id": "subnet-0dea0c7949de52903"
              },
              {
                "ipv4": "10.0.3.204",
                "ipv6": "",
                "subnet_id": "subnet-0d377534ff00d4f23"
              }
            ],
            "subnet_ids": [
              "subnet-0d377534ff00d4f23",
              "subnet-0dea0c7949de52903"
            ],
            "tags": {
              "Project": "anbapp"
            },
            "tags_all": {
              "Project": "anbapp"
            },
            "timeouts": null,
            "vpc_endpoint_type": "Interface",
            "vpc_id": "vpc-03bf52e26cf7da085"
          },
          "sensitive_attributes": [],
          "identity_schema_version": 0,
          "private": "eyJlMmJmYjczMC1lY2FhLTExZTYtOGY4OC0zNDM2M2JjN2M0YzAiOnsiY3JlYXRlIjo2MDAwMDAwMDAwMDAsImRlbGV0ZSI6NjAwMDAwMDAwMDAwLCJ1cGRhdGUiOjYwMDAwMDAwMDAwMH19",
          "dependencies": [
            "aws_security_group.vpce",
            "aws_subnet.private_a",
            "aws_subnet.private_b",
            "aws_vpc.main",
            "data.aws_availability_zones.available"
          ]
        }
      ]
    },
    {
      "mode": "managed",
      "type": "aws_vpc_security_group_ingress_rule",
      "name": "alb_http",
      "provider": "provider[\"registry.terraform.io/hashicorp/aws\"]",
      "instances": [
        {
          "schema_version": 0,
          "attributes": {
            "arn": "arn:aws:ec2:us-east-1:431998380302:security-group-rule/sgr-0a2cc583e24fb187d",
            "cidr_ipv4": "0.0.0.0/0",
            "cidr_ipv6": null,
            "description": "Allow HTTP from Internet to ALB",
            "from_port": 80,
            "id": "sgr-0a2cc583e24fb187d",
            "ip_protocol": "tcp",
            "prefix_list_id": null,
            "referenced_security_group_id": null,
            "security_group_id": "sg-0604206bcb11d0045",
            "security_group_rule_id": "sgr-0a2cc583e24fb187d",
            "tags": null,
            "tags_all": {},
            "to_port": 80
          },
          "sensitive_attributes": [],
          "identity_schema_version": 0,
          "dependencies": [
            "aws_security_group.alb",
            "aws_vpc.main"
          ]
        }
      ]
    },
    {
      "mode": "managed",
      "type": "aws_vpc_security_group_ingress_rule",
      "name": "alb_https",
      "provider": "provider[\"registry.terraform.io/hashicorp/aws\"]",
      "instances": [
        {
          "schema_version": 0,
          "attributes": {
            "arn": "arn:aws:ec2:us-east-1:431998380302:security-group-rule/sgr-04b4db9f37e44bd6b",
            "cidr_ipv4": "0.0.0.0/0",
            "cidr_ipv6": null,
            "description": "Allow HTTPS from Internet to ALB",
            "from_port": 443,
            "id": "sgr-04b4db9f37e44bd6b",
            "ip_protocol": "tcp",
            "prefix_list_id": null,
            "referenced_security_group_id": null,
            "security_group_id": "sg-0604206bcb11d0045",
            "security_group_rule_id": "sgr-04b4db9f37e44bd6b",
            "tags": null,
            "tags_all": {},
            "to_port": 443
          },
          "sensitive_attributes": [],
          "identity_schema_version": 0,
          "dependencies": [
            "aws_security_group.alb",
            "aws_vpc.main"
          ]
        }
      ]
    },
    {
      "mode": "managed",
      "type": "aws_vpc_security_group_ingress_rule",
      "name": "rds_from_web",
      "provider": "provider[\"registry.terraform.io/hashicorp/aws\"]",
      "instances": [
        {
          "schema_version": 0,
          "attributes": {
            "arn": "arn:aws:ec2:us-east-1:431998380302:security-group-rule/sgr-0e26d7f1726e1081c",
            "cidr_ipv4": null,
            "cidr_ipv6": null,
            "description": "Allow DB from WEB",
            "from_port": 5432,
            "id": "sgr-0e26d7f1726e1081c",
            "ip_protocol": "tcp",
            "prefix_list_id": null,
            "referenced_security_group_id": "sg-0b0df10bd572d3df8",
            "security_group_id": "sg-0e6d54d9e702c3c8d",
            "security_group_rule_id": "sgr-0e26d7f1726e1081c",
            "tags": null,
            "tags_all": {},
            "to_port": 5432
          },
          "sensitive_attributes": [],
          "identity_schema_version": 0,
          "dependencies": [
            "aws_security_group.rds",
            "aws_security_group.web",
            "aws_vpc.main"
          ]
        }
      ]
    },
    {
      "mode": "managed",
      "type": "aws_vpc_security_group_ingress_rule",
      "name": "rds_from_worker",
      "provider": "provider[\"registry.terraform.io/hashicorp/aws\"]",
      "instances": [
        {
          "schema_version": 0,
          "attributes": {
            "arn": "arn:aws:ec2:us-east-1:431998380302:security-group-rule/sgr-03750b55377b7fc68",
            "cidr_ipv4": null,
            "cidr_ipv6": null,
            "description": "Allow DB from WORKER",
            "from_port": 5432,
            "id": "sgr-03750b55377b7fc68",
            "ip_protocol": "tcp",
            "prefix_list_id": null,
            "referenced_security_group_id": "sg-052c59bfeedc257ba",
            "security_group_id": "sg-0e6d54d9e702c3c8d",
            "security_group_rule_id": "sgr-03750b55377b7fc68",
            "tags": null,
            "tags_all": {},
            "to_port": 5432
          },
          "sensitive_attributes": [],
          "identity_schema_version": 0,
          "dependencies": [
            "aws_security_group.rds",
            "aws_security_group.worker",
            "aws_vpc.main"
          ]
        }
      ]
    },
    {
      "mode": "managed",
      "type": "aws_vpc_security_group_ingress_rule",
      "name": "web_auth",
      "provider": "provider[\"registry.terraform.io/hashicorp/aws\"]",
      "instances": [
        {
          "schema_version": 0,
          "attributes": {
            "arn": "arn:aws:ec2:us-east-1:431998380302:security-group-rule/sgr-03f753b63202e5498",
            "cidr_ipv4": null,
            "cidr_ipv6": null,
            "description": "Allow Auth from from ALB",
            "from_port": 8080,
            "id": "sgr-03f753b63202e5498",
            "ip_protocol": "tcp",
            "prefix_list_id": null,
            "referenced_security_group_id": "sg-0604206bcb11d0045",
            "security_group_id": "sg-0b0df10bd572d3df8",
            "security_group_rule_id": "sgr-03f753b63202e5498",
            "tags": null,
            "tags_all": {},
            "to_port": 8080
          },
          "sensitive_attributes": [],
          "identity_schema_version": 0,
          "dependencies": [
            "aws_security_group.alb",
            "aws_security_group.web",
            "aws_vpc.main"
          ]
        }
      ]
    },
    {
      "mode": "managed",
      "type": "aws_vpc_security_group_ingress_rule",
      "name": "web_front",
      "provider": "provider[\"registry.terraform.io/hashicorp/aws\"]",
      "instances": [
        {
          "schema_version": 0,
          "attributes": {
            "arn": "arn:aws:ec2:us-east-1:431998380302:security-group-rule/sgr-07036da26b76e46dc",
            "cidr_ipv4": null,
            "cidr_ipv6": null,
            "description": "Allow access to frontend application from ALB",
            "from_port": 8084,
            "id": "sgr-07036da26b76e46dc",
            "ip_protocol": "tcp",
            "prefix_list_id": null,
            "referenced_security_group_id": "sg-0604206bcb11d0045",
            "security_group_id": "sg-0b0df10bd572d3df8",
            "security_group_rule_id": "sgr-07036da26b76e46dc",
            "tags": null,
            "tags_all": {},
            "to_port": 8084
          },
          "sensitive_attributes": [],
          "identity_schema_version": 0,
          "dependencies": [
            "aws_security_group.alb",
            "aws_security_group.web",
            "aws_vpc.main"
          ]
        }
      ]
    },
    {
      "mode": "managed",
      "type": "aws_vpc_security_group_ingress_rule",
      "name": "web_http_from_alb",
      "provider": "provider[\"registry.terraform.io/hashicorp/aws\"]",
      "instances": [
        {
          "schema_version": 0,
          "attributes": {
            "arn": "arn:aws:ec2:us-east-1:431998380302:security-group-rule/sgr-05da2fce038a77f6a",
            "cidr_ipv4": null,
            "cidr_ipv6": null,
            "description": "Allow HTTP from ALB",
            "from_port": 80,
            "id": "sgr-05da2fce038a77f6a",
            "ip_protocol": "tcp",
            "prefix_list_id": null,
            "referenced_security_group_id": "sg-0604206bcb11d0045",
            "security_group_id": "sg-0b0df10bd572d3df8",
            "security_group_rule_id": "sgr-05da2fce038a77f6a",
            "tags": null,
            "tags_all": {},
            "to_port": 80
          },
          "sensitive_attributes": [],
          "identity_schema_version": 0,
          "dependencies": [
            "aws_security_group.alb",
            "aws_security_group.web",
            "aws_vpc.main"
          ]
        }
      ]
    },
    {
      "mode": "managed",
      "type": "aws_vpc_security_group_ingress_rule",
      "name": "web_https_from_alb",
      "provider": "provider[\"registry.terraform.io/hashicorp/aws\"]",
      "instances": [
        {
          "schema_version": 0,
          "attributes": {
            "arn": "arn:aws:ec2:us-east-1:431998380302:security-group-rule/sgr-0ce48294e75148c34",
            "cidr_ipv4": null,
            "cidr_ipv6": null,
            "description": "Allow HTTPS from ALB",
            "from_port": 443,
            "id": "sgr-0ce48294e75148c34",
            "ip_protocol": "tcp",
            "prefix_list_id": null,
            "referenced_security_group_id": "sg-0604206bcb11d0045",
            "security_group_id": "sg-0b0df10bd572d3df8",
            "security_group_rule_id": "sgr-0ce48294e75148c34",
            "tags": null,
            "tags_all": {},
            "to_port": 443
          },
          "sensitive_attributes": [],
          "identity_schema_version": 0,
          "dependencies": [
            "aws_security_group.alb",
            "aws_security_group.web",
            "aws_vpc.main"
          ]
        }
      ]
    },
    {
      "mode": "managed",
      "type": "aws_vpc_security_group_ingress_rule",
      "name": "web_ranking",
      "provider": "provider[\"registry.terraform.io/hashicorp/aws\"]",
      "instances": [
        {
          "schema_version": 0,
          "attributes": {
            "arn": "arn:aws:ec2:us-east-1:431998380302:security-group-rule/sgr-0c7be6dc616d3cf18",
            "cidr_ipv4": null,
            "cidr_ipv6": null,
            "description": "Allow Ranking from ALB",
            "from_port": 8083,
            "id": "sgr-0c7be6dc616d3cf18",
            "ip_protocol": "tcp",
            "prefix_list_id": null,
            "referenced_security_group_id": "sg-0604206bcb11d0045",
            "security_group_id": "sg-0b0df10bd572d3df8",
            "security_group_rule_id": "sgr-0c7be6dc616d3cf18",
            "tags": null,
            "tags_all": {},
            "to_port": 8083
          },
          "sensitive_attributes": [],
          "identity_schema_version": 0,
          "dependencies": [
            "aws_security_group.alb",
            "aws_security_group.web",
            "aws_vpc.main"
          ]
        }
      ]
    },
    {
      "mode": "managed",
      "type": "aws_vpc_security_group_ingress_rule",
      "name": "web_ssh",
      "provider": "provider[\"registry.terraform.io/hashicorp/aws\"]",
      "instances": [
        {
          "schema_version": 0,
          "attributes": {
            "arn": "arn:aws:ec2:us-east-1:431998380302:security-group-rule/sgr-0e6d62dca251edf79",
            "cidr_ipv4": "181.59.2.82/32",
            "cidr_ipv6": null,
            "description": "Allow SSH from admin IP",
            "from_port": 22,
            "id": "sgr-0e6d62dca251edf79",
            "ip_protocol": "tcp",
            "prefix_list_id": null,
            "referenced_security_group_id": null,
            "security_group_id": "sg-0b0df10bd572d3df8",
            "security_group_rule_id": "sgr-0e6d62dca251edf79",
            "tags": null,
            "tags_all": {},
            "to_port": 22
          },
          "sensitive_attributes": [],
          "identity_schema_version": 0,
          "dependencies": [
            "aws_security_group.web",
            "aws_vpc.main"
          ]
        }
      ]
    },
    {
      "mode": "managed",
      "type": "aws_vpc_security_group_ingress_rule",
      "name": "web_video",
      "provider": "provider[\"registry.terraform.io/hashicorp/aws\"]",
      "instances": [
        {
          "schema_version": 0,
          "attributes": {
            "arn": "arn:aws:ec2:us-east-1:431998380302:security-group-rule/sgr-0fd2d1bf0aef1eafe",
            "cidr_ipv4": null,
            "cidr_ipv6": null,
            "description": "Allow Video from ALB",
            "from_port": 8081,
            "id": "sgr-0fd2d1bf0aef1eafe",
            "ip_protocol": "tcp",
            "prefix_list_id": null,
            "referenced_security_group_id": "sg-0604206bcb11d0045",
            "security_group_id": "sg-0b0df10bd572d3df8",
            "security_group_rule_id": "sgr-0fd2d1bf0aef1eafe",
            "tags": null,
            "tags_all": {},
            "to_port": 8081
          },
          "sensitive_attributes": [],
          "identity_schema_version": 0,
          "dependencies": [
            "aws_security_group.alb",
            "aws_security_group.web",
            "aws_vpc.main"
          ]
        }
      ]
    },
    {
      "mode": "managed",
      "type": "aws_vpc_security_group_ingress_rule",
      "name": "web_voting",
      "provider": "provider[\"registry.terraform.io/hashicorp/aws\"]",
      "instances": [
        {
          "schema_version": 0,
          "attributes": {
            "arn": "arn:aws:ec2:us-east-1:431998380302:security-group-rule/sgr-0c5e120c16d884361",
            "cidr_ipv4": null,
            "cidr_ipv6": null,
            "description": "Allow Voting from ALB",
            "from_port": 8082,
            "id": "sgr-0c5e120c16d884361",
            "ip_protocol": "tcp",
            "prefix_list_id": null,
            "referenced_security_group_id": "sg-0604206bcb11d0045",
            "security_group_id": "sg-0b0df10bd572d3df8",
            "security_group_rule_id": "sgr-0c5e120c16d884361",
            "tags": null,
            "tags_all": {},
            "to_port": 8082
          },
          "sensitive_attributes": [],
          "identity_schema_version": 0,
          "dependencies": [
            "aws_security_group.alb",
            "aws_security_group.web",
            "aws_vpc.main"
          ]
        }
      ]
    },
    {
      "mode": "managed",
      "type": "aws_vpc_security_group_ingress_rule",
      "name": "worker_ssh",
      "provider": "provider[\"registry.terraform.io/hashicorp/aws\"]",
      "instances": [
        {
          "schema_version": 0,
          "attributes": {
            "arn": "arn:aws:ec2:us-east-1:431998380302:security-group-rule/sgr-08d8ecd30daaf9ea2",
            "cidr_ipv4": "181.59.2.82/32",
            "cidr_ipv6": null,
            "description": "Allow SSH from admin IP",
            "from_port": 22,
            "id": "sgr-08d8ecd30daaf9ea2",
            "ip_protocol": "tcp",
            "prefix_list_id": null,
            "referenced_security_group_id": null,
            "security_group_id": "sg-052c59bfeedc257ba",
            "security_group_rule_id": "sgr-08d8ecd30daaf9ea2",
            "tags": null,
            "tags_all": {},
            "to_port": 22
          },
          "sensitive_attributes": [],
          "identity_schema_version": 0,
          "dependencies": [
            "aws_security_group.worker",
            "aws_vpc.main"
          ]
        }
      ]
    }
  ],
  "check_results": null
}
